# This file was autogenerated by Stack.
# You should not edit this file by hand.
# For more information, please see the documentation at:
#   https://docs.haskellstack.org/en/stable/lock_files

packages:
- completed:
    hackage: base16-bytestring-1.0.2.0@sha256:64abad7816ab8cabed8489e29f807b3a6f828e0b2cec0eae404323d69d36df9a,2541
    pantry-tree:
      size: 595
      sha256: f8f13565abcd98fd400c19bbbe02531bdfc8a80f2949662bb6996e367c834114
  original:
    hackage: base16-bytestring-1.0.2.0@sha256:64abad7816ab8cabed8489e29f807b3a6f828e0b2cec0eae404323d69d36df9a,2541
- completed:
    hackage: pretty-simple-4.0.0.0@sha256:a65be4ef40734eae1da7a88c9b73dbf1848f5a60b634dc4776fae60cafc85386,4071
    pantry-tree:
      size: 1229
      sha256: dee251957a221350624b0f0ebbc3598dffc69310b94156e7c81f231d98311a6c
  original:
    hackage: pretty-simple-4.0.0.0@sha256:a65be4ef40734eae1da7a88c9b73dbf1848f5a60b634dc4776fae60cafc85386,4071
- completed:
    hackage: random-1.2.1@sha256:8bee24dc0c985a90ee78d94c61f8aed21c49633686f0f1c14c5078d818ee43a2,6598
    pantry-tree:
      size: 1528
      sha256: 8bdc994ce41f43624ab42302a881fe5a0f81d965f5d238841e24943664681a06
  original:
    hackage: random-1.2.1@sha256:8bee24dc0c985a90ee78d94c61f8aed21c49633686f0f1c14c5078d818ee43a2,6598
- completed:
    hackage: cabal-doctest-1.0.9@sha256:b1fe3f3cc590c6d2c5ce8d5845e41a8a7d72621ed897b6c53312c1e772c2ab29,1467
    pantry-tree:
      size: 334
      sha256: eff354c6a823b23e0f0e96e605e44673065309e6bc512975893be67db30eab2a
  original:
    hackage: cabal-doctest-1.0.9@sha256:b1fe3f3cc590c6d2c5ce8d5845e41a8a7d72621ed897b6c53312c1e772c2ab29,1467
- completed:
    hackage: prettyprinter-1.7.1@sha256:9c43c9d8c3cd9f445596e5a2379574bba87f935a4d1fa41b5407ee3cf4edc743,6987
    pantry-tree:
      size: 3460
      sha256: cd6f393bf7cba603a1958a139915fc343efd5488e36fd7b3b5c6956c002d04fa
  original:
    hackage: prettyprinter-1.7.1@sha256:9c43c9d8c3cd9f445596e5a2379574bba87f935a4d1fa41b5407ee3cf4edc743,6987
- completed:
    hackage: prettyprinter-ansi-terminal-1.1.3@sha256:b00f727b964cf13adff7acf575a71fa7e405f5240aff50b07f10df76ab89f8d3,2574
    pantry-tree:
      size: 820
      sha256: b5d276267049502c72fdcd2f1d84c15b3598160d61de0482a2e5bb62c40bd4ea
  original:
    hackage: prettyprinter-ansi-terminal-1.1.3@sha256:b00f727b964cf13adff7acf575a71fa7e405f5240aff50b07f10df76ab89f8d3,2574
- completed:
    hackage: splitmix-0.1.0.4@sha256:714a55fd28d3e2533bd5b49e74f604ef8e5d7b06f249c8816f6c54aed431dcf1,6483
    pantry-tree:
      size: 1519
      sha256: 79f4645c11b7a3861db0b596297f72804f509444d639a8fd7c0162b1ed80c578
  original:
    hackage: splitmix-0.1.0.4@sha256:714a55fd28d3e2533bd5b49e74f604ef8e5d7b06f249c8816f6c54aed431dcf1,6483
- completed:
    hackage: ansi-terminal-0.11.1@sha256:e8428fcd5fe9d4e8a796a0c8107b7288a0a93ffaa8d761cf51f803384284bd77,3321
    pantry-tree:
      size: 1461
      sha256: 766e3636d5d638f5c451b7384ca08907622ac7ecae643df75497b53f09c97ac2
  original:
    hackage: ansi-terminal-0.11.1@sha256:e8428fcd5fe9d4e8a796a0c8107b7288a0a93ffaa8d761cf51f803384284bd77,3321
- completed:
    hackage: colour-2.3.6@sha256:ebdcbf15023958838a527e381ab3c3b1e99ed12d1b25efeb7feaa4ad8c37664a,2378
    pantry-tree:
      size: 1183
      sha256: 03f8e22f364deb86098dbfbe0bf83c896437b2355f139abdac0402658fb6ac7e
  original:
    hackage: colour-2.3.6@sha256:ebdcbf15023958838a527e381ab3c3b1e99ed12d1b25efeb7feaa4ad8c37664a,2378
- completed:
    hackage: firefly-0.2.1.0@sha256:e9d73486464c3e223ec457e02b30ddd5b550fdbf6292b268c64581e2b07d888b,1519
    pantry-tree:
      size: 600
      sha256: 51d4bf283e1d9ae37e43cd387b112919e45f2fc088f57cbd33c8bad9b0c179f1
  original:
    hackage: firefly-0.2.1.0@sha256:e9d73486464c3e223ec457e02b30ddd5b550fdbf6292b268c64581e2b07d888b,1519
- completed:
    hackage: aeson-2.0.3.0@sha256:130bda8e10dc6dd159b79b306abb10025d7f8b5d9cbc2f7d6d7e6768a0272058,5845
    pantry-tree:
      size: 38191
      sha256: bccfc5a7259a27aad7e4193f367c3d7d67799f42632fdcb90241c1e9fbb0cf40
  original:
    hackage: aeson-2.0.3.0@sha256:130bda8e10dc6dd159b79b306abb10025d7f8b5d9cbc2f7d6d7e6768a0272058,5845
- completed:
    hackage: blaze-html-0.9.1.2@sha256:49db3eb70fa93fb572f3a9233b542b59e7f766a2b95c92d01d95a596c7727473,3048
    pantry-tree:
      size: 2227
      sha256: 4d0e70035c65483defaf3ee2a3ac0312675dedd396cfd45b25c6b2acce0aca82
  original:
    hackage: blaze-html-0.9.1.2@sha256:49db3eb70fa93fb572f3a9233b542b59e7f766a2b95c92d01d95a596c7727473,3048
- completed:
    hackage: case-insensitive-1.2.1.0@sha256:9dfd3171fc7698cf8d931727d3af3a7b389135b583e46b5adac1f9d2026fff61,2244
    pantry-tree:
      size: 688
      sha256: d6f175b17eacce002fc5336c17e119d989bd97f8ad9702446163c9e27c7c79b7
  original:
    hackage: case-insensitive-1.2.1.0@sha256:9dfd3171fc7698cf8d931727d3af3a7b389135b583e46b5adac1f9d2026fff61,2244
- completed:
    hackage: cookie-0.4.5@sha256:22bbe2bea34cfc546eaca2468386035fec521b8dbae52f5aa2f994ed68b35e0e,1448
    pantry-tree:
      size: 360
      sha256: 60ea383838fb35f55265cbf84905a8f17434bb498f90d691621cbd2156da43e4
  original:
    hackage: cookie-0.4.5@sha256:22bbe2bea34cfc546eaca2468386035fec521b8dbae52f5aa2f994ed68b35e0e,1448
- completed:
    hackage: http-types-0.12.3@sha256:f35229edb1bc7b3ae27f961b2407dadb5bfa69d43a8f5337ab46cdc79ca4afe9,2035
    pantry-tree:
      size: 833
      sha256: c9b77e1ba204fffbe4e1be80412bc48e47440a07e4b7db4cdc77d573a3e21b9a
  original:
    hackage: http-types-0.12.3@sha256:f35229edb1bc7b3ae27f961b2407dadb5bfa69d43a8f5337ab46cdc79ca4afe9,2035
- completed:
    hackage: regex-pcre-0.95.0.0@sha256:6845745ebc369e33b39387dd11d4ff15b6b4aae82754ad348467ecda8e17bed7,2514
    pantry-tree:
      size: 634
      sha256: 45da15f6e5b958f6c3be9e5649e9d16d1567d26117ab48d7ef56e1d19660b123
  original:
    hackage: regex-pcre-0.95.0.0@sha256:6845745ebc369e33b39387dd11d4ff15b6b4aae82754ad348467ecda8e17bed7,2514
- completed:
    hackage: wai-3.2.3@sha256:c7518618bdb842116dbc1a4e4553223799eef43add19278c2bbffb4536595fe0,1776
    pantry-tree:
      size: 485
      sha256: 24294d24aa28d9eba747b796e49d32afcecda70ba0d446e4073d9b2581a90a6e
  original:
    hackage: wai-3.2.3@sha256:c7518618bdb842116dbc1a4e4553223799eef43add19278c2bbffb4536595fe0,1776
- completed:
    hackage: warp-3.3.18@sha256:e583b66084c7ecfd3f59349aeae72523b90e7887d3523868c6f22fe719172054,10910
    pantry-tree:
      size: 3973
      sha256: 8e1f2465cb47cbc526e790e04160130339c4334e7817a4380806377fe7a41a9f
  original:
    hackage: warp-3.3.18@sha256:e583b66084c7ecfd3f59349aeae72523b90e7887d3523868c6f22fe719172054,10910
- completed:
    hackage: OneTuple-0.3.1@sha256:a848c096c9d29e82ffdd30a9998aa2931cbccb3a1bc137539d80f6174d31603e,2262
    pantry-tree:
      size: 506
      sha256: a685b08622f1fe0641e4f228a290878a1db4f7ef3eb63d00b10e8632097d1e6f
  original:
    hackage: OneTuple-0.3.1@sha256:a848c096c9d29e82ffdd30a9998aa2931cbccb3a1bc137539d80f6174d31603e,2262
- completed:
    hackage: QuickCheck-2.14.2@sha256:4ce29211223d5e6620ebceba34a3ca9ccf1c10c0cf387d48aea45599222ee5aa,7736
    pantry-tree:
      size: 2315
      sha256: 2fe423d0ed7cd64f0f165d708779f48814e66c4f181c568468134af55d86a5f8
  original:
    hackage: QuickCheck-2.14.2@sha256:4ce29211223d5e6620ebceba34a3ca9ccf1c10c0cf387d48aea45599222ee5aa,7736
- completed:
    hackage: attoparsec-0.14.3@sha256:b65d94fa4ac2854e396d29532915c5fd6c48d000fea8b84f3c0d9c8430e36dc4,6183
    pantry-tree:
      size: 5305
      sha256: 0a15e87509cc67315b0531cac10baaaad5eef464c0bb5175d8ecbdcd7365e056
  original:
    hackage: attoparsec-0.14.3@sha256:b65d94fa4ac2854e396d29532915c5fd6c48d000fea8b84f3c0d9c8430e36dc4,6183
- completed:
    hackage: auto-update-0.1.6@sha256:10adca282e131a2fa01fb7a411b02811685c1cea02e9813df2d7fb468b5ef638,1373
    pantry-tree:
      size: 828
      sha256: 5e27352ca8e89e569204445b3f7be4951afbcd10cbac701ece75d2070cbed130
  original:
    hackage: auto-update-0.1.6@sha256:10adca282e131a2fa01fb7a411b02811685c1cea02e9813df2d7fb468b5ef638,1373
- completed:
    hackage: base-compat-batteries-0.12.1@sha256:ee819d7570b2fda1012d29db945a1778c388ef8c0c282e45c8fe4eae7616a25c,8891
    pantry-tree:
      size: 11169
      sha256: 64edb51a988b4a362f0ba4172ad4e3d140ee69129dd68a4d08004fe506cc09ae
  original:
    hackage: base-compat-batteries-0.12.1@sha256:ee819d7570b2fda1012d29db945a1778c388ef8c0c282e45c8fe4eae7616a25c,8891
- completed:
    hackage: blaze-builder-0.4.2.2@sha256:f0017df374c330de0ebe0eb15eae8c48427bddefa1d81a3cb31c0a4812ecdb08,3685
    pantry-tree:
      size: 3102
      sha256: 5b6b4f7b1c9ca98bd7cb979849fc9e018b48ef49089c98b2766179b5087695ea
  original:
    hackage: blaze-builder-0.4.2.2@sha256:f0017df374c330de0ebe0eb15eae8c48427bddefa1d81a3cb31c0a4812ecdb08,3685
- completed:
    hackage: blaze-markup-0.8.2.8@sha256:d9d57379f5d8cdb5f6cdfba8f373cd9e5a5245a7cf9cf06496f8171a0c7ff8ab,2413
    pantry-tree:
      size: 818
      sha256: 6ae9088ea9d5e562b016dbb1c44a9358d29add5bd4874cb1d5ea83e979c4a1f6
  original:
    hackage: blaze-markup-0.8.2.8@sha256:d9d57379f5d8cdb5f6cdfba8f373cd9e5a5245a7cf9cf06496f8171a0c7ff8ab,2413
- completed:
    hackage: bsb-http-chunked-0.0.0.4@sha256:add530e695ea3058bf4f7156a1ca85653ff3635b87ec6d1be8c4891645190f96,2678
    pantry-tree:
      size: 460
      sha256: dfdd4147ba63807dc8b393e99061c5680822abd935bc60844fc9e1b23121ffa3
  original:
    hackage: bsb-http-chunked-0.0.0.4@sha256:add530e695ea3058bf4f7156a1ca85653ff3635b87ec6d1be8c4891645190f96,2678
- completed:
    hackage: data-default-class-0.1.2.0@sha256:63e62120b7efd733a5a17cf59ceb43268e9a929c748127172d7d42f4a336e327,542
    pantry-tree:
      size: 224
      sha256: 5017630b11698aefa65fc61cab84a257ce97833c968d425e1b2d53d6c3b5c096
  original:
    hackage: data-default-class-0.1.2.0@sha256:63e62120b7efd733a5a17cf59ceb43268e9a929c748127172d7d42f4a336e327,542
- completed:
    hackage: data-fix-0.3.2@sha256:e909776381648a75e82438a40df33c05397b57119b80bb83e38189370319b67a,1692
    pantry-tree:
      size: 262
      sha256: 327440e3a8d6c69617f67d49e3904c8d4b69558ea9f92f7856658b930ee64717
  original:
    hackage: data-fix-0.3.2@sha256:e909776381648a75e82438a40df33c05397b57119b80bb83e38189370319b67a,1692
- completed:
    hackage: dlist-1.0@sha256:124cb3aa1decebd5171b46601b1f74cca6cfae12d266ace3799b86dd05ef7cb4,3560
    pantry-tree:
      size: 953
      sha256: 8467afe9c94b2756e5703fed0950b51418bd877acbdd72e9dc3488b8f28f4e82
  original:
    hackage: dlist-1.0@sha256:124cb3aa1decebd5171b46601b1f74cca6cfae12d266ace3799b86dd05ef7cb4,3560
- completed:
    hackage: hashable-1.4.0.2@sha256:0cddd0229d1aac305ea0404409c0bbfab81f075817bd74b8b2929eff58333e55,5005
    pantry-tree:
      size: 1248
      sha256: 51dda0aa70849588d074125f324beba1c8736cfa486e7f4a90a798b1d0e6019d
  original:
    hackage: hashable-1.4.0.2@sha256:0cddd0229d1aac305ea0404409c0bbfab81f075817bd74b8b2929eff58333e55,5005
- completed:
    hackage: http-date-0.0.11@sha256:b278b07f880705e3b0b073206ad26954548b666d616733c9a6b5d50993f547d4,1758
    pantry-tree:
      size: 706
      sha256: 8b850ea9f5bdbe3430c305181f44dd02f96613a325f0d2cd1b68a2f024c4bda1
  original:
    hackage: http-date-0.0.11@sha256:b278b07f880705e3b0b073206ad26954548b666d616733c9a6b5d50993f547d4,1758
- completed:
    hackage: http2-3.0.2@sha256:7ef3389c98243da89960dc5b874d20d56c335f4319ee040cda7eea2d4ded308f,15814
    pantry-tree:
      size: 46005
      sha256: 3f10717aea3c86a91d3eda6f9ca0cd2fd5f5f058da804c2d46e71948fbe782d2
  original:
    hackage: http2-3.0.2@sha256:7ef3389c98243da89960dc5b874d20d56c335f4319ee040cda7eea2d4ded308f,15814
- completed:
    hackage: indexed-traversable-0.1.2@sha256:d66228887242f93ccb4fc7101a1e25a6560c8e4708f6e9ee1d3dd21901756c65,2519
    pantry-tree:
      size: 495
      sha256: 7edfd8672d45016089df7227d9f6452117632a7236d4e71b24a2a1041cab4701
  original:
    hackage: indexed-traversable-0.1.2@sha256:d66228887242f93ccb4fc7101a1e25a6560c8e4708f6e9ee1d3dd21901756c65,2519
- completed:
    hackage: iproute-1.7.12@sha256:85d181599fab8ceebf4c849110ad571bea2834d6c8c95ae7da33856c42453f40,2999
    pantry-tree:
      size: 962
      sha256: 0f4179868c6f644d7ba8d4d6ccaefd13ae17ff1cd188c924ef4c2db40d1c4f02
  original:
    hackage: iproute-1.7.12@sha256:85d181599fab8ceebf4c849110ad571bea2834d6c8c95ae7da33856c42453f40,2999
- completed:
    hackage: network-3.1.2.5@sha256:433a5e076aaa8eb3e4158abae78fb409c6bd754e9af99bc2e87583d2bcd8404a,4888
    pantry-tree:
      size: 3971
      sha256: 957e4dbb988f47164c821807297a6020c1108cd3265582ac2aa9292708cb62c9
  original:
    hackage: network-3.1.2.5@sha256:433a5e076aaa8eb3e4158abae78fb409c6bd754e9af99bc2e87583d2bcd8404a,4888
- completed:
    hackage: primitive-0.7.3.0@sha256:6b28a1c0572f5ca50597ba8388aeade21515842969ae192cdc6bfca81367bf56,2951
    pantry-tree:
      size: 1655
      sha256: 4dd118201091c04a138a25e262ab61e8e64e811832eadd8b6b39d56504dfe045
  original:
    hackage: primitive-0.7.3.0@sha256:6b28a1c0572f5ca50597ba8388aeade21515842969ae192cdc6bfca81367bf56,2951
- completed:
    hackage: regex-base-0.94.0.2@sha256:2561adac8ce373910948066debe090a22b336b129ba5af18c0332524d16e72ce,2635
    pantry-tree:
      size: 531
      sha256: 4d3e05706978f75df4bff7b890a1b2c4d88b7cd57e0155ecb238599a24aa7c63
  original:
    hackage: regex-base-0.94.0.2@sha256:2561adac8ce373910948066debe090a22b336b129ba5af18c0332524d16e72ce,2635
- completed:
    hackage: scientific-0.3.7.0@sha256:76465a82beb2af6ea83ebd00684acc0ffe659e7da7066329931dc8f02fc97507,4826
    pantry-tree:
      size: 657
      sha256: 2e5436cd8a2d2fa045aadc7619aa06cf18f4f77d01b70d8c517213b718b69a2b
  original:
    hackage: scientific-0.3.7.0@sha256:76465a82beb2af6ea83ebd00684acc0ffe659e7da7066329931dc8f02fc97507,4826
- completed:
    hackage: semialign-1.2.0.1@sha256:0e179b4d3a8eff79001d374d6c91917c6221696b9620f0a4d86852fc6a9b9501,2836
    pantry-tree:
      size: 537
      sha256: 635bbbb517f0c063a4bc2e9e6efdb0e598b9d9fd467f52df81ab3a4af1fd923b
  original:
    hackage: semialign-1.2.0.1@sha256:0e179b4d3a8eff79001d374d6c91917c6221696b9620f0a4d86852fc6a9b9501,2836
- completed:
    hackage: simple-sendfile-0.2.30@sha256:c6893e159dc20eea6d0b805bfd8d9b73e6a6ba3fe72cc396acdc24fdcd33cc38,2676
    pantry-tree:
      size: 787
      sha256: be6c94ef2a9901e3c642f23a36f2cef8053e3d05779d12c8e625954448d73c55
  original:
    hackage: simple-sendfile-0.2.30@sha256:c6893e159dc20eea6d0b805bfd8d9b73e6a6ba3fe72cc396acdc24fdcd33cc38,2676
- completed:
    hackage: streaming-commons-0.2.2.3@sha256:e4540748a6ab78a9e486a2b22d3d0d47097bf4b7ce9ba9a0b23b8c7e479bd077,4751
    pantry-tree:
      size: 2947
      sha256: 62079e66eac2652f342337896384ed16773e93196b05fa330a645ff0e159c323
  original:
    hackage: streaming-commons-0.2.2.3@sha256:e4540748a6ab78a9e486a2b22d3d0d47097bf4b7ce9ba9a0b23b8c7e479bd077,4751
- completed:
    hackage: strict-0.4.0.1@sha256:d6205a748eb8db4cd17a7179be970c94598809709294ccfa43159c7f3cc4bf5d,4187
    pantry-tree:
      size: 654
      sha256: 2a8171b3ff2960552163a6e1dbb640b83e049f22a5b7764cc27c0941334496bd
  original:
    hackage: strict-0.4.0.1@sha256:d6205a748eb8db4cd17a7179be970c94598809709294ccfa43159c7f3cc4bf5d,4187
- completed:
    hackage: tagged-0.8.6.1@sha256:29c67d98a4404607f024750ab9c7210dadcbbef4e1944c48c52902f2071b2662,2874
    pantry-tree:
      size: 496
      sha256: 4548d4f2d43e25a182ac6f5da34364c4a41a1da88468c671445a0bf2a70c130c
  original:
    hackage: tagged-0.8.6.1@sha256:29c67d98a4404607f024750ab9c7210dadcbbef4e1944c48c52902f2071b2662,2874
- completed:
    hackage: text-short-0.1.5@sha256:962c6228555debdc46f758d0317dea16e5240d01419b42966674b08a5c3d8fa6,3498
    pantry-tree:
      size: 727
      sha256: 1fc6561c4acb94a41e58cd8f8c7cce161c18c5629dac63a54a9c62f9c778c52b
  original:
    hackage: text-short-0.1.5@sha256:962c6228555debdc46f758d0317dea16e5240d01419b42966674b08a5c3d8fa6,3498
- completed:
    hackage: th-abstraction-0.4.3.0@sha256:db4b3b69398acd8a7c5c8cc8a962da55d65d05d44d5039b51bd3cb5fb3d8400f,2148
    pantry-tree:
      size: 670
      sha256: cd2d3fd020b3c6b415e41c71b60999ca7dd14918b056e15e090f640cba1feed8
  original:
    hackage: th-abstraction-0.4.3.0@sha256:db4b3b69398acd8a7c5c8cc8a962da55d65d05d44d5039b51bd3cb5fb3d8400f,2148
- completed:
    hackage: these-1.1.1.1@sha256:f069e766b8fed73d457fca20cc197f5c539bcdd03d7636e478ddf14dbb67684a,2748
    pantry-tree:
      size: 351
      sha256: 09a71077d04df022d79d341f69eb5dad8e8e103839b51f21a28920bba1e1ad9f
  original:
    hackage: these-1.1.1.1@sha256:f069e766b8fed73d457fca20cc197f5c539bcdd03d7636e478ddf14dbb67684a,2748
- completed:
    hackage: time-compat-1.9.6.1@sha256:42d8f2e08e965e1718917d54ad69e1d06bd4b87d66c41dc7410f59313dba4ed1,5033
    pantry-tree:
      size: 4113
      sha256: b262c5ae8d72d2073d12e1de1863abd234fad8c138df28f32bb51bc232ced608
  original:
    hackage: time-compat-1.9.6.1@sha256:42d8f2e08e965e1718917d54ad69e1d06bd4b87d66c41dc7410f59313dba4ed1,5033
- completed:
    hackage: time-manager-0.0.0@sha256:d258b1d08f9b926823f5380e9201303b0ebeefe4f9e0047c0cbd7b6728135ee1,657
    pantry-tree:
      size: 217
      sha256: 8f5ff87a3d7eb8c01e1f309b580dafe1dc77d3334b0a161994c5fd3a6ed51385
  original:
    hackage: time-manager-0.0.0@sha256:d258b1d08f9b926823f5380e9201303b0ebeefe4f9e0047c0cbd7b6728135ee1,657
- completed:
    hackage: unix-compat-0.5.3@sha256:469cbd1399a7093c241cc9b99ff8ab8a259cb63326bf5c0a7d8448cb345d5e5a,2085
    pantry-tree:
      size: 1044
      sha256: e3a8d4e2d3ec38f75fb919a3cacd124715d96c7ac25fab02f0d19012311d0891
  original:
    hackage: unix-compat-0.5.3@sha256:469cbd1399a7093c241cc9b99ff8ab8a259cb63326bf5c0a7d8448cb345d5e5a,2085
- completed:
    hackage: unliftio-0.2.20@sha256:93cebd01b5fe2c2c028e0785b1fe8ec42b3d30d869e7848034bb4b7b5894dc24,3318
    pantry-tree:
      size: 2423
      sha256: d2effa7737d7ce2918815158ce00c6562f7ce3f55b69d35d507da285b5ad8543
  original:
    hackage: unliftio-0.2.20@sha256:93cebd01b5fe2c2c028e0785b1fe8ec42b3d30d869e7848034bb4b7b5894dc24,3318
- completed:
    hackage: unordered-containers-0.2.16.0@sha256:859ec9a017e51194755cb8a445b767afc5ce0ac991cd50b0f96abd31b3687aab,5217
    pantry-tree:
      size: 1316
      sha256: e8d877c3c7545bc3d0e5b990466572a39b19f440bbf7a0e1bdde7521176cd12a
  original:
    hackage: unordered-containers-0.2.16.0@sha256:859ec9a017e51194755cb8a445b767afc5ce0ac991cd50b0f96abd31b3687aab,5217
- completed:
    hackage: uuid-types-1.0.5@sha256:8447b8a08723877400da13b6329b3fb19ea9e4c20fabe62888841eb3708d7474,2608
    pantry-tree:
      size: 480
      sha256: 53d0b46a614d80bc1dfa5f51bffa7cab89a88dfe4f46d24b505cf696604f33b6
  original:
    hackage: uuid-types-1.0.5@sha256:8447b8a08723877400da13b6329b3fb19ea9e4c20fabe62888841eb3708d7474,2608
- completed:
    hackage: vault-0.3.1.5@sha256:d1647db5a222db5e8abf5d9252a2912a34b70fc5160762dcc2213a209b54641d,2366
    pantry-tree:
      size: 771
      sha256: dcfef7442499db8bd17b15cf9ab9753a23b3d6e564f08f08ce4daf059c42ff63
  original:
    hackage: vault-0.3.1.5@sha256:d1647db5a222db5e8abf5d9252a2912a34b70fc5160762dcc2213a209b54641d,2366
- completed:
    hackage: vector-0.12.3.1@sha256:040210919e5ce454dcee3320f77803da3dbda579c8428dc25ff0155732234808,7946
    pantry-tree:
      size: 3842
      sha256: 00cfcd768c02740343ecf67de4542f30a4ebbbd7200849a22271b35965837fef
  original:
    hackage: vector-0.12.3.1@sha256:040210919e5ce454dcee3320f77803da3dbda579c8428dc25ff0155732234808,7946
- completed:
    hackage: witherable-0.4.2@sha256:81fd3b1e56e6d8c5b1acdbed06d49c72186902f7400139152afd70e37ad956d2,2285
    pantry-tree:
      size: 384
      sha256: 9249e2860d2d03f1d4b2204ee996eeeed836cfcfc426512742cc0e07f96fd407
  original:
    hackage: witherable-0.4.2@sha256:81fd3b1e56e6d8c5b1acdbed06d49c72186902f7400139152afd70e37ad956d2,2285
- completed:
    hackage: word8-0.1.3@sha256:e5464d0600821a116467d4b12fef12b15ff040c3599500e5f0274225e78c6faf,1397
    pantry-tree:
      size: 478
      sha256: f90debca29fa7b54bb82f1bc6843c827fcea96b5149af4dd0ed69dad73856f0e
  original:
    hackage: word8-0.1.3@sha256:e5464d0600821a116467d4b12fef12b15ff040c3599500e5f0274225e78c6faf,1397
- completed:
    hackage: x509-1.7.5@sha256:01185a9a17bee4e89287d9e32bfaa673133cf2b09a39759627bed1f72ea528fd,2305
    pantry-tree:
      size: 1072
      sha256: 42cc162fbe2221555fb4d91e3de6699bc7731887c2c0e01ad79c8bf6ade988d9
  original:
    hackage: x509-1.7.5@sha256:01185a9a17bee4e89287d9e32bfaa673133cf2b09a39759627bed1f72ea528fd,2305
- completed:
    hackage: appar-0.1.8@sha256:a5d529bacbb74d566e4c5f9479af0637eac5957705f6db4d2670517489795de8,1070
    pantry-tree:
      size: 506
      sha256: c8bae7bc8c04b6c3593b48f19f1d626face90832f268f6857aba934bccd4272d
  original:
    hackage: appar-0.1.8@sha256:a5d529bacbb74d566e4c5f9479af0637eac5957705f6db4d2670517489795de8,1070
- completed:
    hackage: asn1-encoding-0.9.6@sha256:27ed8f6043aed79630313bb931f7c8e2b510f0b4586cd55c16ae040c7d1ea098,2060
    pantry-tree:
      size: 981
      sha256: 09963511234ed8fdd0682b10e8366de5105cc513d4daa014d7990496b788b122
  original:
    hackage: asn1-encoding-0.9.6@sha256:27ed8f6043aed79630313bb931f7c8e2b510f0b4586cd55c16ae040c7d1ea098,2060
- completed:
    hackage: asn1-parse-0.9.5@sha256:77c0126d63070df2d82cb4cfa4febb26c4e280f6d854bc778c2fa4d80ce692b8,976
    pantry-tree:
      size: 212
      sha256: 2a6766aa05af5b045ff2d097b5f99621f983d471e254079ef4e56acff26b2248
  original:
    hackage: asn1-parse-0.9.5@sha256:77c0126d63070df2d82cb4cfa4febb26c4e280f6d854bc778c2fa4d80ce692b8,976
- completed:
    hackage: asn1-types-0.3.4@sha256:8e879b3a5bbdd0031232eb84d904b5a3a2c20a18847692b996d774f4ff811355,1025
    pantry-tree:
      size: 525
      sha256: 254adba538008f12853e83b8909ba11ef11e9b8bcb1edc3a97dc6fdb29dad45a
  original:
    hackage: asn1-types-0.3.4@sha256:8e879b3a5bbdd0031232eb84d904b5a3a2c20a18847692b996d774f4ff811355,1025
- completed:
    hackage: assoc-1.0.2@sha256:e0d9d1febc172e2a1b22aacd25df7f90be557dcf12ff87359f43128f8c194d9e,1237
    pantry-tree:
      size: 290
      sha256: 760f0aa60d4beb6a893ae9f73f64f5e93dc4414487bc0c8dfa33dadffd338de9
  original:
    hackage: assoc-1.0.2@sha256:e0d9d1febc172e2a1b22aacd25df7f90be557dcf12ff87359f43128f8c194d9e,1237
- completed:
    hackage: async-2.2.4@sha256:b83dec34a53520de84c6dd3dc7aae45d22409b46eb471c478b98108215a370f0,3095
    pantry-tree:
      size: 501
      sha256: 08b8a9f8d2e27d51b04fb9c14f65e1209c7f24160d2a4557963900edb2c0f07d
  original:
    hackage: async-2.2.4@sha256:b83dec34a53520de84c6dd3dc7aae45d22409b46eb471c478b98108215a370f0,3095
- completed:
    hackage: base-compat-0.12.1@sha256:20e50848d9dfee1523fafe8950060b04fae43d402c15553da5c7cacd116f7846,6960
    pantry-tree:
      size: 9038
      sha256: 2f2c14615443954f117613d77835234b598718e611fb4cf4522e01980bf1bcbd
  original:
    hackage: base-compat-0.12.1@sha256:20e50848d9dfee1523fafe8950060b04fae43d402c15553da5c7cacd116f7846,6960
- completed:
    hackage: base-orphans-0.8.6@sha256:eb6758d0160d607e0c45dbd6b196f515b9a589fd4f6d2f926929dd5d56282d37,3175
    pantry-tree:
      size: 1272
      sha256: f889d6903383305688e6e703982bfdc985649b7d4538429e44f98f99d8f73c07
  original:
    hackage: base-orphans-0.8.6@sha256:eb6758d0160d607e0c45dbd6b196f515b9a589fd4f6d2f926929dd5d56282d37,3175
- completed:
    hackage: byteorder-1.0.4@sha256:a952817dcbe20af0346fb55a28c13e95e2ddbf3e99f9b4fffdc063f150f13b20,636
    pantry-tree:
      size: 212
      sha256: 1544dc41983f7fe963740d9a8ce2aec1daef17bcb0916fda253dbfa73a14c77a
  original:
    hackage: byteorder-1.0.4@sha256:a952817dcbe20af0346fb55a28c13e95e2ddbf3e99f9b4fffdc063f150f13b20,636
- completed:
    hackage: cryptonite-0.29@sha256:147724f6a8e4394fcbd51bf52aba7a8b92d3fc8f42055cd6ca9486655e2ab614,18312
    pantry-tree:
      size: 23323
      sha256: 087de3ed0552cfb1f84d03629b0f98c77aadc076b85bb5cb787f77c5e5dac136
  original:
    hackage: cryptonite-0.29@sha256:147724f6a8e4394fcbd51bf52aba7a8b92d3fc8f42055cd6ca9486655e2ab614,18312
- completed:
    hackage: hourglass-0.2.12@sha256:e083f5e030dfebe432e30a9c0fa07a99a54eac992f622442646be561fd7a44e8,3085
    pantry-tree:
      size: 1605
      sha256: 2b452cfac948057203679468e3e856e7fdf884c3c051f42bc52ba6253ca896e0
  original:
    hackage: hourglass-0.2.12@sha256:e083f5e030dfebe432e30a9c0fa07a99a54eac992f622442646be561fd7a44e8,3085
- completed:
    hackage: indexed-traversable-instances-0.1.1@sha256:69ce2476ac8376bc269ca05a7a5973f033d4a7736793dc22a3ec3032da70ceb7,3224
    pantry-tree:
      size: 480
      sha256: 707d8d3c66d153d4671a7c12cacf9928e3d2df93b9d411b6c7462c4073c3c619
  original:
    hackage: indexed-traversable-instances-0.1.1@sha256:69ce2476ac8376bc269ca05a7a5973f033d4a7736793dc22a3ec3032da70ceb7,3224
- completed:
    hackage: integer-logarithms-1.0.3.1@sha256:b65e11ec6f4b29c5278716da0544b951a49ab5310608df0fc41eec29f15691d9,3229
    pantry-tree:
      size: 865
      sha256: 804c8c0d77470f84640ee70c66155f770798e295c0a0572e41d071f69e24ca4e
  original:
    hackage: integer-logarithms-1.0.3.1@sha256:b65e11ec6f4b29c5278716da0544b951a49ab5310608df0fc41eec29f15691d9,3229
- completed:
    hackage: memory-0.16.0@sha256:fea26d1d3cd954d66c9103de6c5fbf80454560889ee8de54d368fa9d1b01140b,5064
    pantry-tree:
      size: 2436
      sha256: 4700f39c881547155baabe8833214474315369b391ad7820c6c3f4c09b82bf0a
  original:
    hackage: memory-0.16.0@sha256:fea26d1d3cd954d66c9103de6c5fbf80454560889ee8de54d368fa9d1b01140b,5064
- completed:
    hackage: network-byte-order-0.1.6@sha256:23d8b609ac43a69d04d5e8f411e5f86a0266c0e8b33b65f8c92ebda64273fe3a,1313
    pantry-tree:
      size: 280
      sha256: 9083de865faa459721e4e0dc5ebec891fa1a1796a1fcdd78588004a926d9f4cb
  original:
    hackage: network-byte-order-0.1.6@sha256:23d8b609ac43a69d04d5e8f411e5f86a0266c0e8b33b65f8c92ebda64273fe3a,1313
- completed:
    hackage: pem-0.2.4@sha256:cc8e62118b783e284dc0fa032f54fe386a3861a948ec88079370a433c103a705,1441
    pantry-tree:
      size: 425
      sha256: 2413dd2c97c72d6e00330057b158973faa6336de068a9be4d6fdcfd474485f77
  original:
    hackage: pem-0.2.4@sha256:cc8e62118b783e284dc0fa032f54fe386a3861a948ec88079370a433c103a705,1441
- completed:
    hackage: psqueues-0.2.7.3@sha256:7213d78598d397255b1861df318d9b5058577f86a9b83a8b652540cbdbc83033,4834
    pantry-tree:
      size: 1696
      sha256: b4ccb2bc60af99ae76d6f978a533698bfb931730972d4b4be0e22fef9cf60c85
  original:
    hackage: psqueues-0.2.7.3@sha256:7213d78598d397255b1861df318d9b5058577f86a9b83a8b652540cbdbc83033,4834
- completed:
    hackage: semigroupoids-5.3.6@sha256:56119f42bc080256100bd6dab6292c144eef430b3430f2ce1581e8e06668d33e,7752
    pantry-tree:
      size: 2404
      sha256: bbdbff3cc65e5cf23a28e2256d282bffdba87b674d38681833e5624cc18ca88b
  original:
    hackage: semigroupoids-5.3.6@sha256:56119f42bc080256100bd6dab6292c144eef430b3430f2ce1581e8e06668d33e,7752
- completed:
    hackage: unix-time-0.4.7@sha256:c0d971d04561875b908451c563df8728fe6d8639c90e070b244227f13f76ab8e,2570
    pantry-tree:
      size: 1073
      sha256: bc28cbe467d99caa6399e7cd85cf33548776bbd2c1e91369fe10268c9de546e6
  original:
    hackage: unix-time-0.4.7@sha256:c0d971d04561875b908451c563df8728fe6d8639c90e070b244227f13f76ab8e,2570
- completed:
    hackage: unliftio-core-0.2.0.1@sha256:f9abcdd3f3d28e4840563efb7b8760d2de9b5707bcd6f53a87f6a0d77bb5a9f7,1082
    pantry-tree:
      size: 328
      sha256: 9955bc1336dd07c94928892f1a97aed6e5fe63a4242f089a0efd2e95174490ea
  original:
    hackage: unliftio-core-0.2.0.1@sha256:f9abcdd3f3d28e4840563efb7b8760d2de9b5707bcd6f53a87f6a0d77bb5a9f7,1082
- completed:
    hackage: zlib-0.6.2.3@sha256:262a93dbf370be59f4ee57f3b1a51b338bc2c309797daa37c14f2262ae61dae4,5329
    pantry-tree:
      size: 2619
      sha256: 49c4f27077e950e7023ea18c8f5dfd1ca924a680402f8072acf73b8b524cae4f
  original:
    hackage: zlib-0.6.2.3@sha256:262a93dbf370be59f4ee57f3b1a51b338bc2c309797daa37c14f2262ae61dae4,5329
- completed:
    hackage: basement-0.0.12@sha256:cbb9187d3575b78ee1165b7a49a0e8570ee563820330a944a67cd09e1cfe23bf,5516
    pantry-tree:
      size: 5859
      sha256: 6462393c9058b93baea2c8ffb4a7e1d68c2aee14746ef0081dbb485a2faef71b
  original:
    hackage: basement-0.0.12@sha256:cbb9187d3575b78ee1165b7a49a0e8570ee563820330a944a67cd09e1cfe23bf,5516
- completed:
    hackage: bifunctors-5.5.11@sha256:cc425ee85aae56dba1123baf6fb3fa7abcd90782f26bb904eef14c7332ee85f6,3919
    pantry-tree:
      size: 1758
      sha256: d3f0fdcd108e771b5cb68ee068c9a8637494e0c513f0845124798cc9dcdd11f0
  original:
    hackage: bifunctors-5.5.11@sha256:cc425ee85aae56dba1123baf6fb3fa7abcd90782f26bb904eef14c7332ee85f6,3919
- completed:
    hackage: comonad-5.0.8@sha256:1f1aabd73ec7f80f20cf078a748a60cd48d8e57277802fdf6a9ab3601a9b8f7e,3631
    pantry-tree:
      size: 1618
      sha256: 394660fe7fa4127e5a181890bce28b9fcd6eb180ba25aa5566bc8b5bdd385517
  original:
    hackage: comonad-5.0.8@sha256:1f1aabd73ec7f80f20cf078a748a60cd48d8e57277802fdf6a9ab3601a9b8f7e,3631
- completed:
    hackage: contravariant-1.5.5@sha256:470ed0e040e879e2da4af1b2c8f94e199f6135852a8107858d5ae0a95365835f,3041
    pantry-tree:
      size: 652
      sha256: 9eb62fea28548dc8a0f60fd47c12843092b78b24ed771b8ad63a0bb34dba8bc4
  original:
    hackage: contravariant-1.5.5@sha256:470ed0e040e879e2da4af1b2c8f94e199f6135852a8107858d5ae0a95365835f,3041
- completed:
    hackage: distributive-0.6.2.1@sha256:0f99f5541cca04acf89b64432b03422b6408e830a8dff30e6c4334ef1a48680c,2996
    pantry-tree:
      size: 735
      sha256: a42bed5fe0ba295643538312dee6c9436314c05a6f7efdd32b4303979f8bd744
  original:
    hackage: distributive-0.6.2.1@sha256:0f99f5541cca04acf89b64432b03422b6408e830a8dff30e6c4334ef1a48680c,2996
- completed:
    hackage: old-time-1.1.0.3@sha256:c91fbb3ee73d20ccd015842b30f1f29a304893ebe0ae3128b7bbc13d5bb0d4c8,1328
    pantry-tree:
      size: 810
      sha256: 890bbbdf4175a409efd7c7c9fe153b71680e33bebeb74c9351d7d9d3a59d3d0e
  original:
    hackage: old-time-1.1.0.3@sha256:c91fbb3ee73d20ccd015842b30f1f29a304893ebe0ae3128b7bbc13d5bb0d4c8,1328
- completed:
    hackage: transformers-compat-0.7.1@sha256:03534fcfd4a6026d415b0e19d2a48d6ccb639e809db0cd41f313bc771a887a9b,5602
    pantry-tree:
      size: 1724
      sha256: 62a237717ebb6337a8ca3b446a1fa3075fd0e5136384e00760f702064eda9c0f
  original:
    hackage: transformers-compat-0.7.1@sha256:03534fcfd4a6026d415b0e19d2a48d6ccb639e809db0cd41f313bc771a887a9b,5602
- completed:
    hackage: StateVar-1.2.2@sha256:3c022c00485fe165e3080d5da6b3ca9c9b02f62c5deebc584d1b3d1309ce673e,1673
    pantry-tree:
      size: 314
      sha256: 204cac98219e99334f47b12c565945611748ea03a4d629273dd697d738bcfd7f
  original:
    hackage: StateVar-1.2.2@sha256:3c022c00485fe165e3080d5da6b3ca9c9b02f62c5deebc584d1b3d1309ce673e,1673
- completed:
    hackage: old-locale-1.0.0.7@sha256:fa998be2c7e00cd26a6e9075bea790caaf3932caa3e9497ad69bc20380dd6911,1071
    pantry-tree:
      size: 263
      sha256: 462ef15cb35164d585aa3860f717c9685fbf05578330490860abd544381d2e24
  original:
    hackage: old-locale-1.0.0.7@sha256:fa998be2c7e00cd26a6e9075bea790caaf3932caa3e9497ad69bc20380dd6911,1071
- completed:
    hackage: MonadRandom-0.5.3@sha256:1972a7302aaa409f0b0cd5ff8f5afda03a5156ceb518c2264b2cf0e362123eb6,1454
    pantry-tree:
      size: 709
      sha256: 170b25262904f658c57d93e4c19b83f2a8ec07ae8646e9b31b7b7da724ceb9de
  original:
    hackage: MonadRandom-0.5.3@sha256:1972a7302aaa409f0b0cd5ff8f5afda03a5156ceb518c2264b2cf0e362123eb6,1454
- completed:
    hackage: criterion-1.5.12.0@sha256:f9c8c0cff7d6796702849258b22df103cde5baa5ee1f085b6b59f37074ec303f,5273
    pantry-tree:
      size: 2323
      sha256: 92034e3e490c5fe0eab10277f6e35534b37dc0962347025630380c7d37d99ca1
  original:
    hackage: criterion-1.5.12.0@sha256:f9c8c0cff7d6796702849258b22df103cde5baa5ee1f085b6b59f37074ec303f,5273
- completed:
    hackage: Glob-0.10.2@sha256:2a4537c55816d3a87f8623e307fb709946c27bc1aabf068e2f96d2ff402ebb9c,2936
    pantry-tree:
      size: 1432
      sha256: 57e88711ff2fbd29b696124c54b77c9d849f6a9326a806a103fceb7764b74861
  original:
    hackage: Glob-0.10.2@sha256:2a4537c55816d3a87f8623e307fb709946c27bc1aabf068e2f96d2ff402ebb9c,2936
- completed:
    hackage: ansi-wl-pprint-0.6.9@sha256:212144ea0623b1170807a4162db05d87f26cf10b334aeadd0edb377aba06a1ce,2425
    pantry-tree:
      size: 472
      sha256: 0a2390ba39c3b84f68e382cb25b58cea66d61a89dab818bb5e2a6c12642e2e21
  original:
    hackage: ansi-wl-pprint-0.6.9@sha256:212144ea0623b1170807a4162db05d87f26cf10b334aeadd0edb377aba06a1ce,2425
- completed:
    hackage: binary-orphans-1.0.2@sha256:ffabc984b68562f568533c87186d3baa7d2bbac89f6ea82288396b5235715905,2264
    pantry-tree:
      size: 286
      sha256: 29ac2227a29a06ead2e61a067271946aae22693a71c9a5f5ecd3a8428131d25d
  original:
    hackage: binary-orphans-1.0.2@sha256:ffabc984b68562f568533c87186d3baa7d2bbac89f6ea82288396b5235715905,2264
- completed:
    hackage: cassava-0.5.2.0@sha256:5f2fb613e07a2318fccf5f994cd40bfdaeec2dcca9929737c6e3120e043461fd,6051
    pantry-tree:
      size: 1551
      sha256: b4753f79437f6a4204f6baf4087eb737d6184e38af1bb68925fc13b6f1a6dac1
  original:
    hackage: cassava-0.5.2.0@sha256:5f2fb613e07a2318fccf5f994cd40bfdaeec2dcca9929737c6e3120e043461fd,6051
- completed:
    hackage: code-page-0.2.1@sha256:fe596b0f421abd2894fdb7049b3d76230eb1de6e04e9f635e2695dd55ded856e,2427
    pantry-tree:
      size: 583
      sha256: 58322c9a19b9e9c94d45927724fa9d23f994e3dcdadb4fb5cce5ea4aa33faebc
  original:
    hackage: code-page-0.2.1@sha256:fe596b0f421abd2894fdb7049b3d76230eb1de6e04e9f635e2695dd55ded856e,2427
- completed:
    hackage: criterion-measurement-0.1.3.0@sha256:9a3e1fb6b95de2dc5dee5b883f512f58584d041f8874a6860bb3707ace8e8aa7,2107
    pantry-tree:
      size: 726
      sha256: 6dc045dfb8fb1b568d67cca1ef7f9cbfa3358424145757921bf56c2e6cf1e604
  original:
    hackage: criterion-measurement-0.1.3.0@sha256:9a3e1fb6b95de2dc5dee5b883f512f58584d041f8874a6860bb3707ace8e8aa7,2107
- completed:
    hackage: js-chart-2.9.4.1@sha256:0f4bc23d19ac869ec0cbdbd7596a5074ba4be68e85fa5bb76a3bed559907b3bc,1802
    pantry-tree:
      size: 652
      sha256: 39a4777beb58727effeccb14d9f58f3d391446d035aefd30dd5eafe2a31b8ead
  original:
    hackage: js-chart-2.9.4.1@sha256:0f4bc23d19ac869ec0cbdbd7596a5074ba4be68e85fa5bb76a3bed559907b3bc,1802
- completed:
    hackage: microstache-1.0.2@sha256:fb0e11a51ce7556757c5e7af812d054d1cf203df506b6c95949385e61c8147af,2873
    pantry-tree:
      size: 1363
      sha256: 325c304f542c5bba339fcff62bfc6717ad7ba3a71cfd12f9b30eebea34734d1f
  original:
    hackage: microstache-1.0.2@sha256:fb0e11a51ce7556757c5e7af812d054d1cf203df506b6c95949385e61c8147af,2873
- completed:
    hackage: mwc-random-0.15.0.2@sha256:109e0fb72ce64bda468fc44d9cb5abbf455d6337140b57eb851a8183baba0597,3372
    pantry-tree:
      size: 721
      sha256: 67732b8c3612c58e5286541213550899dc9495a09ca5283fab4437c489e624b9
  original:
    hackage: mwc-random-0.15.0.2@sha256:109e0fb72ce64bda468fc44d9cb5abbf455d6337140b57eb851a8183baba0597,3372
- completed:
    hackage: optparse-applicative-0.16.1.0@sha256:418c22ed6a19124d457d96bc66bd22c93ac22fad0c7100fe4972bbb4ac989731,4982
    pantry-tree:
      size: 2979
      sha256: dd092d843091c08691485d68a1908517079b1bc6f3d73928f37635a19dc27fc1
  original:
    hackage: optparse-applicative-0.16.1.0@sha256:418c22ed6a19124d457d96bc66bd22c93ac22fad0c7100fe4972bbb4ac989731,4982
- completed:
    hackage: statistics-0.15.2.0@sha256:6bca4f8f9663db10642354f269b6f5c7384d8bbab8719b59daca08b188e5726d,5575
    pantry-tree:
      size: 5182
      sha256: f12b717d786b45a6c5bebe44928eff4d0bc2c64c81c59358fcc3a6860a5b86f7
  original:
    hackage: statistics-0.15.2.0@sha256:6bca4f8f9663db10642354f269b6f5c7384d8bbab8719b59daca08b188e5726d,5575
- completed:
    hackage: vector-algorithms-0.8.0.4@sha256:bf4760b23a0fee09abb8c9e3c952c870f5dc9780876e9d7e38ab2bdd98c8f283,3752
    pantry-tree:
      size: 1439
      sha256: 850a7481c87750751d87369690e3bacbdf986716b338ecadb3eeb1af5b192049
  original:
    hackage: vector-algorithms-0.8.0.4@sha256:bf4760b23a0fee09abb8c9e3c952c870f5dc9780876e9d7e38ab2bdd98c8f283,3752
- completed:
    hackage: Only-0.1@sha256:f92f5da97e647451f1ee7f5bf44914fb75062d08ccd3f36b2000d649c63d13aa,1373
    pantry-tree:
      size: 210
      sha256: e999ae7690fc1e13bb471bc1ead6d7a5c245843d17862d3d27f7f0f752513257
  original:
    hackage: Only-0.1@sha256:f92f5da97e647451f1ee7f5bf44914fb75062d08ccd3f36b2000d649c63d13aa,1373
- completed:
    hackage: dense-linear-algebra-0.1.0.0@sha256:918e5fa7e367a58446dcd2b2288a7d84113b0820b5b5e1cef5bd1bdc601b4368,1894
    pantry-tree:
      size: 625
      sha256: 0e2ee435d95826d73ea46ce2c42adf7f9a1d8b0c2aea9f7e7503e5907549cb9a
  original:
    hackage: dense-linear-algebra-0.1.0.0@sha256:918e5fa7e367a58446dcd2b2288a7d84113b0820b5b5e1cef5bd1bdc601b4368,1894
- completed:
    hackage: math-functions-0.3.4.2@sha256:5d942f0d6478c2a6b22049c033943538f8dd357c66ff874d328082136433cafb,4791
    pantry-tree:
      size: 3112
      sha256: d966a0e79bb1d7acfc3f07d1a56a2f0b9c34330dc812edd3d47f9ab9f2f23429
  original:
    hackage: math-functions-0.3.4.2@sha256:5d942f0d6478c2a6b22049c033943538f8dd357c66ff874d328082136433cafb,4791
- completed:
    hackage: monad-par-0.3.5@sha256:553316052d7890be549f319264e368a9a77d34e591e01b7895381637bdfc879e,6527
    pantry-tree:
      size: 1479
      sha256: a1477935f291b8756389f15106515438eee9d76165cc750455331e5cb199dd4e
  original:
    hackage: monad-par-0.3.5@sha256:553316052d7890be549f319264e368a9a77d34e591e01b7895381637bdfc879e,6527
- completed:
    hackage: vector-binary-instances-0.2.5.2@sha256:0ac67168f86f39d61e7f39f409c0ce78d242c2fc2d2e044f528ef210f0d47265,2600
    pantry-tree:
      size: 346
      sha256: 245c73d43bbff59136831d8e0b416c2f22d60b520ba4a89843ddc9c3f3500109
  original:
    hackage: vector-binary-instances-0.2.5.2@sha256:0ac67168f86f39d61e7f39f409c0ce78d242c2fc2d2e044f528ef210f0d47265,2600
- completed:
    hackage: vector-th-unbox-0.2.2@sha256:96837c9205660006ddf515c5f92bab825cf2e59fc80b7d61b269de72abac92cf,1584
    pantry-tree:
      size: 385
      sha256: e8d1e9f6337c8a9faa77905004d4fc635b12ac2645ce89bfc32a0ba72ef441d6
  original:
    hackage: vector-th-unbox-0.2.2@sha256:96837c9205660006ddf515c5f92bab825cf2e59fc80b7d61b269de72abac92cf,1584
- completed:
    hackage: abstract-deque-0.3@sha256:308bff92bb8b6621ed1dae718e859da145c8f31b8a9050aeacac40a8a21c9c90,2565
    pantry-tree:
      size: 466
      sha256: 27c25a85f7c0824c8d626783d21a22cf92da0d6006f02b096531979daa6168d1
  original:
    hackage: abstract-deque-0.3@sha256:308bff92bb8b6621ed1dae718e859da145c8f31b8a9050aeacac40a8a21c9c90,2565
- completed:
    hackage: abstract-par-0.3.3@sha256:2c80c194429e8ed9a8f37a4c58a61b36b11e04c637d3e0bfb32d111978fd8885,1488
    pantry-tree:
      size: 291
      sha256: 51b725322a93046b0c1f69b54df51cf0e57cc3c3f259ee4e7261a9d7f339034e
  original:
    hackage: abstract-par-0.3.3@sha256:2c80c194429e8ed9a8f37a4c58a61b36b11e04c637d3e0bfb32d111978fd8885,1488
- completed:
    hackage: monad-par-extras-0.3.3@sha256:b448c7565958ba5dfe8a0f88f17574059176cbd26e632e40c361520e63a206fd,2106
    pantry-tree:
      size: 501
      sha256: aaeb0c7b4d60637548ce63858dd508f37faf43e1747c064f6d87a681368cbca1
  original:
    hackage: monad-par-extras-0.3.3@sha256:b448c7565958ba5dfe8a0f88f17574059176cbd26e632e40c361520e63a206fd,2106
- completed:
    hackage: parallel-3.2.2.0@sha256:19ff631f3a26ee7cf0603e2b80fc375d77d3f350ae460ae72fe4cf5da665c90b,1821
    pantry-tree:
      size: 392
      sha256: d6a417b6076136ea30d825c9239f44c2f007e0050f58bff57d2aac80359e5287
  original:
    hackage: parallel-3.2.2.0@sha256:19ff631f3a26ee7cf0603e2b80fc375d77d3f350ae460ae72fe4cf5da665c90b,1821
- completed:
    hackage: cereal-0.5.8.2@sha256:046ab07bfe82770e209a2ef57382171c88f7a194d020b768b7d8131299c7f023,2767
    pantry-tree:
      size: 641
      sha256: cc17ff449ff10e7b9c66f9c7ffc6cf9866acdd537f847a49c5a2ac10d49f502b
  original:
    hackage: cereal-0.5.8.2@sha256:046ab07bfe82770e209a2ef57382171c88f7a194d020b768b7d8131299c7f023,2767
- completed:
    hackage: split-0.2.3.4@sha256:a6df9c3e806ee7cb50bc980a183fc1156f35022a39430dabac0bf9456fe18a4b,2647
    pantry-tree:
      size: 439
      sha256: 4e7559f1be32a70cdbdb96d14db768561dd36b8fdff36b3ffac94751f5b5ae6d
  original:
    hackage: split-0.2.3.4@sha256:a6df9c3e806ee7cb50bc980a183fc1156f35022a39430dabac0bf9456fe18a4b,2647
snapshots: []
