# This file was autogenerated by Stack.
# You should not edit this file by hand.
# For more information, please see the documentation at:
#   https://docs.haskellstack.org/en/stable/topics/lock_files

packages:
- completed:
    hackage: MonadRandom-0.6.2.1@sha256:41658e853fe97b97aa92f752300c82e6d7a7ab99bea425160e2746a1a7eb79dd,1389
    pantry-tree:
      sha256: 1a79fd41280c4e094197dd6352800d7de30cdac9be01a6da509ca6afeb64a1f7
      size: 709
  original:
    hackage: MonadRandom-0.6.2.1@sha256:41658e853fe97b97aa92f752300c82e6d7a7ab99bea425160e2746a1a7eb79dd,1389
- completed:
    hackage: base16-bytestring-1.0.2.0@sha256:a694e88f9ec9fc79f0b03f233d3fea592b68f70a34aac2ddb5bcaecb6562e2fd,2630
    pantry-tree:
      sha256: cb1cf706d7e993bb333391309017b9ad529a509f275aab191bc85206da7763f5
      size: 595
  original:
    hackage: base16-bytestring-1.0.2.0@sha256:a694e88f9ec9fc79f0b03f233d3fea592b68f70a34aac2ddb5bcaecb6562e2fd,2630
- completed:
    hackage: criterion-1.6.4.1@sha256:3aced557b21cc501ea80336f3c0997a6132cc358976596ccb00784bff6644b0b,5119
    pantry-tree:
      sha256: efde8154afea7cea17204f27059869c62acb94b0d1412f68a005dcd1818457c9
      size: 2511
  original:
    hackage: criterion-1.6.4.1@sha256:3aced557b21cc501ea80336f3c0997a6132cc358976596ccb00784bff6644b0b,5119
- completed:
    hackage: firefly-0.2.1.0@sha256:e9d73486464c3e223ec457e02b30ddd5b550fdbf6292b268c64581e2b07d888b,1519
    pantry-tree:
      sha256: 51d4bf283e1d9ae37e43cd387b112919e45f2fc088f57cbd33c8bad9b0c179f1
      size: 600
  original:
    hackage: firefly-0.2.1.0@sha256:e9d73486464c3e223ec457e02b30ddd5b550fdbf6292b268c64581e2b07d888b,1519
- completed:
    hackage: hashable-1.5.1.0@sha256:140fc5adad166f7b527567cbd26ff481e8da4a66bdfc84be3ddf28dbeb66f275,5787
    pantry-tree:
      sha256: e3bf67a89d9227d1e0c9a553ecd08f88d8ea492566ed78b30f8de05cf8699c2e
      size: 1578
  original:
    hackage: hashable-1.5.1.0@sha256:140fc5adad166f7b527567cbd26ff481e8da4a66bdfc84be3ddf28dbeb66f275,5787
- completed:
    hackage: http-types-0.12.4@sha256:c8bdda528c9d74dea90effb30958fdacdb09b116c61a63b6f1b233ffea72b776,2276
    pantry-tree:
      sha256: e21914c574c5fa6ed1fb4b65d2d6e9dd51f15addd5bed5c5490430dedd295a24
      size: 910
  original:
    hackage: http-types-0.12.4@sha256:c8bdda528c9d74dea90effb30958fdacdb09b116c61a63b6f1b233ffea72b776,2276
- completed:
    hackage: pretty-simple-4.1.4.0@sha256:0955c00b754088bbc8eeb72dbe3ec31d6d6818d020c539f7213e791987e7e0d0,3588
    pantry-tree:
      sha256: 862528895ae856ab9d6602afabb8cf4c81662b3bedff939cbff68f03f536c3f0
      size: 1127
  original:
    hackage: pretty-simple-4.1.4.0@sha256:0955c00b754088bbc8eeb72dbe3ec31d6d6818d020c539f7213e791987e7e0d0,3588
- completed:
    hackage: random-1.3.1@sha256:0b4f649c3e78713b2ccad1535251ee34b148237fb2229d7058c2b1d9ccc324b8,6004
    pantry-tree:
      sha256: 9e92209c00b0c00b7d1c503e15a27b67b74ac2e3b48269a9255893b06de6836c
      size: 1667
  original:
    hackage: random-1.3.1@sha256:0b4f649c3e78713b2ccad1535251ee34b148237fb2229d7058c2b1d9ccc324b8,6004
- completed:
    hackage: split-0.2.5@sha256:5bc1ae848bfded3087ea3e568908f1b75f56ecde6f02df3fad1a138dd5c783d5,2625
    pantry-tree:
      sha256: 5d28c851a2c98e3d8ac0f01adc58303d775afe39dce23ec953be64ae65d11166
      size: 443
  original:
    hackage: split-0.2.5@sha256:5bc1ae848bfded3087ea3e568908f1b75f56ecde6f02df3fad1a138dd5c783d5,2625
- completed:
    hackage: unordered-containers-0.2.21@sha256:c5de1fb3377ed3c5f4cd851a771d1acc5c37d2f6bef0a499295c0e8857da5605,3987
    pantry-tree:
      sha256: e60c9f5dcacee1c8230534bc7d29224015341c956b63464fb7884a6de8b3614d
      size: 1779
  original:
    hackage: unordered-containers-0.2.21@sha256:c5de1fb3377ed3c5f4cd851a771d1acc5c37d2f6bef0a499295c0e8857da5605,3987
- completed:
    hackage: wai-3.2.4@sha256:e14fde953183f9db8c10da79b44a2b24d241c1203426c5636995069e2dacb1fe,1776
    pantry-tree:
      sha256: ee780cb8255e14bc90bb6229bfbd0b9be79f42b8ede1da06a8eb181e45156ee7
      size: 485
  original:
    hackage: wai-3.2.4@sha256:e14fde953183f9db8c10da79b44a2b24d241c1203426c5636995069e2dacb1fe,1776
- completed:
    hackage: Glob-0.10.2@sha256:dd2ddbecae8f84e8f4cacb5b856901a19c25ceaa11f2525d3ee88d034acb0081,2938
    pantry-tree:
      sha256: 3c9d365a19c0e15d7cf5e93ee994bdc81958c8e4056f43ec0408f34f1a3bb970
      size: 1432
  original:
    hackage: Glob-0.10.2@sha256:dd2ddbecae8f84e8f4cacb5b856901a19c25ceaa11f2525d3ee88d034acb0081,2938
- completed:
    hackage: aeson-2.2.3.0@sha256:7d48c2395ef168d2c2070fdb02c7998384be27d31a03bb35d1740af4a19a857b,6368
    pantry-tree:
      sha256: 7c5ca620e1407b4bd0fbf3bf4cb20dc58eb194d49caa8a6cd1c349462989143a
      size: 83371
  original:
    hackage: aeson-2.2.3.0@sha256:7d48c2395ef168d2c2070fdb02c7998384be27d31a03bb35d1740af4a19a857b,6368
- completed:
    hackage: base-compat-batteries-0.15.0@sha256:d983e08e1c6394988215d591c2f164bad1e30f44b6650eea0ce83b4727c21cda,9267
    pantry-tree:
      sha256: 909f749dc7ffc1ac6759e5a1f55855eb295c98f5d7a791aa1b52888e8508f58c
      size: 11780
  original:
    hackage: base-compat-batteries-0.15.0@sha256:d983e08e1c6394988215d591c2f164bad1e30f44b6650eea0ce83b4727c21cda,9267
- completed:
    hackage: binary-orphans-1.0.5@sha256:1217df567aae672d09979480c362d27559d226081b9b9bc4107d4af008da1f5f,1997
    pantry-tree:
      sha256: 4ff72344fa0592e3da7cc3361383bd64541c3487328e5369adda187f1c999255
      size: 285
  original:
    hackage: binary-orphans-1.0.5@sha256:1217df567aae672d09979480c362d27559d226081b9b9bc4107d4af008da1f5f,1997
- completed:
    hackage: blaze-html-0.9.2.0@sha256:85c42f84f4ead2c48844fbe0865069add3bb3bb3322d38607e93d5515a4c9c58,3087
    pantry-tree:
      sha256: fcb1e7d102785f4135288cb0e9630435218c83fe80b685f6a2568ac5b407c186
      size: 2227
  original:
    hackage: blaze-html-0.9.2.0@sha256:85c42f84f4ead2c48844fbe0865069add3bb3bb3322d38607e93d5515a4c9c58,3087
- completed:
    hackage: case-insensitive-1.2.1.0@sha256:9dfd3171fc7698cf8d931727d3af3a7b389135b583e46b5adac1f9d2026fff61,2244
    pantry-tree:
      sha256: d6f175b17eacce002fc5336c17e119d989bd97f8ad9702446163c9e27c7c79b7
      size: 688
  original:
    hackage: case-insensitive-1.2.1.0@sha256:9dfd3171fc7698cf8d931727d3af3a7b389135b583e46b5adac1f9d2026fff61,2244
- completed:
    hackage: cassava-0.5.4.1@sha256:2e55c02c5e64f642c49d1a41734264e37d329ca04fa404e7f435fe6ed4df92ef,5150
    pantry-tree:
      sha256: 0626711e8c0c2e555bf1757cf1de8fd4c4396befcc1a9007eae27f991a7b7191
      size: 1614
  original:
    hackage: cassava-0.5.4.1@sha256:2e55c02c5e64f642c49d1a41734264e37d329ca04fa404e7f435fe6ed4df92ef,5150
- completed:
    hackage: code-page-0.2.1@sha256:fe596b0f421abd2894fdb7049b3d76230eb1de6e04e9f635e2695dd55ded856e,2427
    pantry-tree:
      sha256: 58322c9a19b9e9c94d45927724fa9d23f994e3dcdadb4fb5cce5ea4aa33faebc
      size: 583
  original:
    hackage: code-page-0.2.1@sha256:fe596b0f421abd2894fdb7049b3d76230eb1de6e04e9f635e2695dd55ded856e,2427
- completed:
    hackage: cookie-0.5.1@sha256:92b8ad295f6ce2a2c76a16747d62002c21421a5b007cc9b50cdd9ae085ff0f26,1520
    pantry-tree:
      sha256: d4a663becadffbeab1ddc70ae005514a1d7dfa98363a25670a6cc12c765dcc9f
      size: 312
  original:
    hackage: cookie-0.5.1@sha256:92b8ad295f6ce2a2c76a16747d62002c21421a5b007cc9b50cdd9ae085ff0f26,1520
- completed:
    hackage: criterion-measurement-0.2.3.0@sha256:5d337a2d833839254636731cefa456c57f2c5f6d7ee0ff440459149ad1f9cb7c,2068
    pantry-tree:
      sha256: 9fc93dc5ad04ebb3b06291688236d059fad54647660a5f90df08390f160abebc
      size: 726
  original:
    hackage: criterion-measurement-0.2.3.0@sha256:5d337a2d833839254636731cefa456c57f2c5f6d7ee0ff440459149ad1f9cb7c,2068
- completed:
    hackage: js-chart-2.9.4.1@sha256:0f4bc23d19ac869ec0cbdbd7596a5074ba4be68e85fa5bb76a3bed559907b3bc,1802
    pantry-tree:
      sha256: 39a4777beb58727effeccb14d9f58f3d391446d035aefd30dd5eafe2a31b8ead
      size: 652
  original:
    hackage: js-chart-2.9.4.1@sha256:0f4bc23d19ac869ec0cbdbd7596a5074ba4be68e85fa5bb76a3bed559907b3bc,1802
- completed:
    hackage: microstache-1.0.3@sha256:86a55f331563ea2e4a16f62c13fe601e1a9d0377d479bf6d5f03ccb3bedc188e,3067
    pantry-tree:
      sha256: d0a7639ed235ef976a941237ef0ab9809610fc0f8e6da81ecbddabf41cbe757c
      size: 1431
  original:
    hackage: microstache-1.0.3@sha256:86a55f331563ea2e4a16f62c13fe601e1a9d0377d479bf6d5f03ccb3bedc188e,3067
- completed:
    hackage: mwc-random-0.15.3.0@sha256:1d1a156d989c6a8cada44437bf10ad1cbd720e192850b577fcef8c023e7181c9,4539
    pantry-tree:
      sha256: fcebc810804e6533f2461c727a42dfb75bc291cd6d567ae49cc00ee8aa857a12
      size: 899
  original:
    hackage: mwc-random-0.15.3.0@sha256:1d1a156d989c6a8cada44437bf10ad1cbd720e192850b577fcef8c023e7181c9,4539
- completed:
    hackage: network-3.2.8.0@sha256:c6f02f2626d1d83b3e3521fc2a9832c366e31dd391cb8478bd2d83528459e786,5305
    pantry-tree:
      sha256: 6be9e7593357f634d4144684432ec43ac6509b0f40c4ccbd5f18313d3e8dfa70
      size: 4039
  original:
    hackage: network-3.2.8.0@sha256:c6f02f2626d1d83b3e3521fc2a9832c366e31dd391cb8478bd2d83528459e786,5305
- completed:
    hackage: optparse-applicative-0.19.0.0@sha256:0b47b3ff7eb4a855b5f7d401690365fc62a32057374927ce0d478b620996222d,5813
    pantry-tree:
      sha256: 91733e6f053044a8b0dad22808cffb83f745299293312659c95a38edc79aadeb
      size: 4091
  original:
    hackage: optparse-applicative-0.19.0.0@sha256:0b47b3ff7eb4a855b5f7d401690365fc62a32057374927ce0d478b620996222d,5813
- completed:
    hackage: prettyprinter-1.7.1@sha256:9c43c9d8c3cd9f445596e5a2379574bba87f935a4d1fa41b5407ee3cf4edc743,6987
    pantry-tree:
      sha256: cd6f393bf7cba603a1958a139915fc343efd5488e36fd7b3b5c6956c002d04fa
      size: 3460
  original:
    hackage: prettyprinter-1.7.1@sha256:9c43c9d8c3cd9f445596e5a2379574bba87f935a4d1fa41b5407ee3cf4edc743,6987
- completed:
    hackage: prettyprinter-ansi-terminal-1.1.3@sha256:b00f727b964cf13adff7acf575a71fa7e405f5240aff50b07f10df76ab89f8d3,2574
    pantry-tree:
      sha256: b5d276267049502c72fdcd2f1d84c15b3598160d61de0482a2e5bb62c40bd4ea
      size: 820
  original:
    hackage: prettyprinter-ansi-terminal-1.1.3@sha256:b00f727b964cf13adff7acf575a71fa7e405f5240aff50b07f10df76ab89f8d3,2574
- completed:
    hackage: primitive-0.9.1.0@sha256:756b222c715bc6ef5ba81fa69cdbaa20c5c53beb6f16f174b8bacc93a6d239f0,3258
    pantry-tree:
      sha256: f3316dce468a892930234a85193674461341e77426e7c46c82448f363367a528
      size: 1793
  original:
    hackage: primitive-0.9.1.0@sha256:756b222c715bc6ef5ba81fa69cdbaa20c5c53beb6f16f174b8bacc93a6d239f0,3258
- completed:
    hackage: regex-pcre-0.95.0.1@sha256:3709b4d27411a96ffc765dfa6c989088181eb4616a7e704e833d415d0709e58a,2276
    pantry-tree:
      sha256: 6e53cb1847057c63d98ee430ce6b622ed69715837186c0f3c2fc2559f8c6610d
      size: 636
  original:
    hackage: regex-pcre-0.95.0.1@sha256:3709b4d27411a96ffc765dfa6c989088181eb4616a7e704e833d415d0709e58a,2276
- completed:
    hackage: splitmix-0.1.3.2@sha256:a557cff65eed1f70f3a3b468423cd58e7a9a9564c5cc00c76a13de64dec9bcbd,3608
    pantry-tree:
      sha256: 95abfd61d6773801e9f18aa91bd5655cbc72b09d93525b98bafa17058f0351d8
      size: 880
  original:
    hackage: splitmix-0.1.3.2@sha256:a557cff65eed1f70f3a3b468423cd58e7a9a9564c5cc00c76a13de64dec9bcbd,3608
- completed:
    hackage: statistics-0.16.5.0@sha256:834c26568f3c89f6844d47e5ec7d07c57cdd0c12ccb5c519c905a26f935d9084,7521
    pantry-tree:
      sha256: f036531c9d5c75f8dfaa04f7da51d6b3066373660286041580d4234ffa643bf8
      size: 5620
  original:
    hackage: statistics-0.16.5.0@sha256:834c26568f3c89f6844d47e5ec7d07c57cdd0c12ccb5c519c905a26f935d9084,7521
- completed:
    hackage: transformers-compat-0.8@sha256:246d2d55c4970592fb68d9d9282d1af719729af1a883c1c5b74fdd49d50866dc,3762
    pantry-tree:
      sha256: 5d5c99408af0ab2b0b7bfc0754e37bb19b73d2c3efe7ccd6ae5c1a954422615b
      size: 1225
  original:
    hackage: transformers-compat-0.8@sha256:246d2d55c4970592fb68d9d9282d1af719729af1a883c1c5b74fdd49d50866dc,3762
- completed:
    hackage: vault-0.3.1.6@sha256:0d144222ff21c533208ec505f5fb7dbcfa434889594ec6e928736a42be6f940a,2006
    pantry-tree:
      sha256: 841e2b0eba6befd0497e0645239644613aa0ec4e4893eb33e2a0e4a8146a8c7d
      size: 847
  original:
    hackage: vault-0.3.1.6@sha256:0d144222ff21c533208ec505f5fb7dbcfa434889594ec6e928736a42be6f940a,2006
- completed:
    hackage: vector-0.13.2.0@sha256:9ac338c8da52d8a37db08434ca4480fef2cea4f9aac240f4f994bb467f5275b4,8804
    pantry-tree:
      sha256: 9bc1265c2469283d87c2ebffeac07fc923fe4a1e99c1cf31fd1890afb002f8a9
      size: 4478
  original:
    hackage: vector-0.13.2.0@sha256:9ac338c8da52d8a37db08434ca4480fef2cea4f9aac240f4f994bb467f5275b4,8804
- completed:
    hackage: vector-algorithms-0.9.1.0@sha256:ccb940a004509aa908a16fa6b9b9f4e409e8a660fb5dd4c88274c8df16b1ffbf,3719
    pantry-tree:
      sha256: e3d026808ef11cb4279738582cbe8c4fb733a7f943f22f04858c775f14ba26b6
      size: 1510
  original:
    hackage: vector-algorithms-0.9.1.0@sha256:ccb940a004509aa908a16fa6b9b9f4e409e8a660fb5dd4c88274c8df16b1ffbf,3719
- completed:
    hackage: warp-3.4.12@sha256:e4444e07c4f1e82b35b4a38ad3f2fbef86dbede9f1238073d6b377cd8a3ce14c,10274
    pantry-tree:
      sha256: e8b403921429f1337b04a17f6f0397debe620cee4a8b84f0ac08f68f6c619544
      size: 3961
  original:
    hackage: warp-3.4.12@sha256:e4444e07c4f1e82b35b4a38ad3f2fbef86dbede9f1238073d6b377cd8a3ce14c,10274
- completed:
    hackage: OneTuple-0.4.2.1@sha256:97ed6715380e1be032cf3a8380921a757b52b8e20038139fddaccd8ccd9b8d1a,1985
    pantry-tree:
      sha256: 7bd99258b5debdd34a7517ceba6e0305bdfe09b10e5289cfebc2436bbec0da47
      size: 506
  original:
    hackage: OneTuple-0.4.2.1@sha256:97ed6715380e1be032cf3a8380921a757b52b8e20038139fddaccd8ccd9b8d1a,1985
- completed:
    hackage: ansi-terminal-types-1.1.3@sha256:1d6061eceaf35a9ed269b81177dd4c8c60403a499526f7f68fdffa4ec7842e7f,1523
    pantry-tree:
      sha256: 99497d3d290b931b8aa15e341f74c14b9da8312f7610987973f634c68f640c69
      size: 365
  original:
    hackage: ansi-terminal-types-1.1.3@sha256:1d6061eceaf35a9ed269b81177dd4c8c60403a499526f7f68fdffa4ec7842e7f,1523
- completed:
    hackage: appar-0.1.8@sha256:a5d529bacbb74d566e4c5f9479af0637eac5957705f6db4d2670517489795de8,1070
    pantry-tree:
      sha256: c8bae7bc8c04b6c3593b48f19f1d626face90832f268f6857aba934bccd4272d
      size: 506
  original:
    hackage: appar-0.1.8@sha256:a5d529bacbb74d566e4c5f9479af0637eac5957705f6db4d2670517489795de8,1070
- completed:
    hackage: assoc-1.1.1@sha256:766b1040eda5255bfcf10e1a9859c06d0ed6ad0e2ac87ed915bb035574d10ae4,1437
    pantry-tree:
      sha256: 428d036445217eea9eb59e6fc8377b26841b01aaad8790eef4e761f6bd91df59
      size: 290
  original:
    hackage: assoc-1.1.1@sha256:766b1040eda5255bfcf10e1a9859c06d0ed6ad0e2ac87ed915bb035574d10ae4,1437
- completed:
    hackage: base-orphans-0.9.4@sha256:001f2b3094b7a1b00e9fd5dcc519a62b8b147a1754bf550fa42601ff868e2b65,3241
    pantry-tree:
      sha256: 95d208040e82bbbb1cfc7d8f53012809c25956bbb7307e162b74db3a4a662367
      size: 1273
  original:
    hackage: base-orphans-0.9.4@sha256:001f2b3094b7a1b00e9fd5dcc519a62b8b147a1754bf550fa42601ff868e2b65,3241
- completed:
    hackage: byteorder-1.0.4@sha256:a952817dcbe20af0346fb55a28c13e95e2ddbf3e99f9b4fffdc063f150f13b20,636
    pantry-tree:
      sha256: 1544dc41983f7fe963740d9a8ce2aec1daef17bcb0916fda253dbfa73a14c77a
      size: 212
  original:
    hackage: byteorder-1.0.4@sha256:a952817dcbe20af0346fb55a28c13e95e2ddbf3e99f9b4fffdc063f150f13b20,636
- completed:
    hackage: colour-2.3.6@sha256:ebdcbf15023958838a527e381ab3c3b1e99ed12d1b25efeb7feaa4ad8c37664a,2378
    pantry-tree:
      sha256: 03f8e22f364deb86098dbfbe0bf83c896437b2355f139abdac0402658fb6ac7e
      size: 1183
  original:
    hackage: colour-2.3.6@sha256:ebdcbf15023958838a527e381ab3c3b1e99ed12d1b25efeb7feaa4ad8c37664a,2378
- completed:
    hackage: crypton-1.0.6@sha256:6686b3517a065530a5b10fd7b186055815d79b30b15c5eb27cb87a1794595ddd,16653
    pantry-tree:
      sha256: a610b645a866c77dfc947af400685930b191e681e73280466451e46448960cfe
      size: 23412
  original:
    hackage: crypton-1.0.6@sha256:6686b3517a065530a5b10fd7b186055815d79b30b15c5eb27cb87a1794595ddd,16653
- completed:
    hackage: crypton-asn1-encoding-0.10.0@sha256:45494a1723a047a815d0d620481c1028dca28a4ea5cf2554868687da90753961,2497
    pantry-tree:
      sha256: c2ff6c426e6910075a971ee2801d200c8dc0f88cfcb8619534097902e6e655a8
      size: 1011
  original:
    hackage: crypton-asn1-encoding-0.10.0@sha256:45494a1723a047a815d0d620481c1028dca28a4ea5cf2554868687da90753961,2497
- completed:
    hackage: crypton-asn1-parse-0.10.0@sha256:4a2cfc4980957d1a279ef69137ee5f665c247ccd8bb962812d5b071d543893fb,1359
    pantry-tree:
      sha256: c78bd2c09da1390c124cff07844ddb99778a8cff82df98c5d53b52adb04dfef9
      size: 326
  original:
    hackage: crypton-asn1-parse-0.10.0@sha256:4a2cfc4980957d1a279ef69137ee5f665c247ccd8bb962812d5b071d543893fb,1359
- completed:
    hackage: crypton-asn1-types-0.4.1@sha256:02f3ec473011b3da92f7bf738bea19cadf88a6470b25a6cb5042216c7549c912,1326
    pantry-tree:
      sha256: 03e810ce724980eacfd49ed816d769ae74769f3941d8cc3c9067de4a896eedf2
      size: 722
  original:
    hackage: crypton-asn1-types-0.4.1@sha256:02f3ec473011b3da92f7bf738bea19cadf88a6470b25a6cb5042216c7549c912,1326
- completed:
    hackage: crypton-pem-0.3.0@sha256:fd7e60d8c3a2d7c43bc3cfec95e6df1f0f05ee08d7d038bb9f9074a1001cc046,1641
    pantry-tree:
      sha256: c5faee5674a44855fcd555b7c4b14fdeb30fe3b4fe9f4278dbf263c950592e6f
      size: 551
  original:
    hackage: crypton-pem-0.3.0@sha256:fd7e60d8c3a2d7c43bc3cfec95e6df1f0f05ee08d7d038bb9f9074a1001cc046,1641
- completed:
    hackage: data-default-0.8.0.2@sha256:d4a8c9ed574a43315262666c75efe1080e3913a653844d2a9ff36051a6211bee,1110
    pantry-tree:
      sha256: 6f42bc6c080c5e1cb7894b03b2d1494a05b9056dcef477965205e9448d8889f8
      size: 382
  original:
    hackage: data-default-0.8.0.2@sha256:d4a8c9ed574a43315262666c75efe1080e3913a653844d2a9ff36051a6211bee,1110
- completed:
    hackage: http-semantics-0.4.0@sha256:da8a98d542b2032cc12590847179577b0208a52bb3b9aa9a07c08d27d2a1714c,1513
    pantry-tree:
      sha256: d0e08875907c0fbff71813747fd93ce7bfd4e3d4a6b979df5c137430a9130f1d
      size: 1188
  original:
    hackage: http-semantics-0.4.0@sha256:da8a98d542b2032cc12590847179577b0208a52bb3b9aa9a07c08d27d2a1714c,1513
- completed:
    hackage: indexed-traversable-instances-0.1.2@sha256:68df0fc8070ae2c15f9e6febf1449fee364c131a6d1e93cac45e7895ba86dd89,2401
    pantry-tree:
      sha256: 5d8873d51e28d42eebe7c13e3acb5e8a7ddfc2dd42ad011c96bb47b94b1f6b2e
      size: 366
  original:
    hackage: indexed-traversable-instances-0.1.2@sha256:68df0fc8070ae2c15f9e6febf1449fee364c131a6d1e93cac45e7895ba86dd89,2401
- completed:
    hackage: memory-0.18.0@sha256:9f4de967352f80b6f174c9a166f315393dde80b77d7b67e41268ae7dec0319f9,4581
    pantry-tree:
      sha256: 50865fe287a16933cc7c6b12e00320ea656796ae5205a336e1bf3f3c8fdaa8b7
      size: 2436
  original:
    hackage: memory-0.18.0@sha256:9f4de967352f80b6f174c9a166f315393dde80b77d7b67e41268ae7dec0319f9,4581
- completed:
    hackage: network-byte-order-0.1.7@sha256:3b6e875fe2f363817b157ecc9c45411ac84544bfa4a30364943e49e817db7fdf,664
    pantry-tree:
      sha256: 7aabe0549fd6b47377c17383806c1280f4b30bae09ad43d4889fea341a8779ad
      size: 223
  original:
    hackage: network-byte-order-0.1.7@sha256:3b6e875fe2f363817b157ecc9c45411ac84544bfa4a30364943e49e817db7fdf,664
- completed:
    hackage: network-control-0.1.7@sha256:bfe3318c5cf6573dd585b126ec1197eae291a9a6df178006bf19da5c8aa14d68,1255
    pantry-tree:
      sha256: 6deb24c404f6e592be1f391f04c97f66169f97cacb0dd37403a6aa1e781846ef
      size: 619
  original:
    hackage: network-control-0.1.7@sha256:bfe3318c5cf6573dd585b126ec1197eae291a9a6df178006bf19da5c8aa14d68,1255
- completed:
    hackage: semigroupoids-6.0.2@sha256:52c5a346fdf74380618f67ff784989ef9078498dbbdff09e4d8e2fed20202e2c,7216
    pantry-tree:
      sha256: 97988befa7a35bd1421f2c221adf7fe2d9238d005254133a5b2063592e610fc2
      size: 2403
  original:
    hackage: semigroupoids-6.0.2@sha256:52c5a346fdf74380618f67ff784989ef9078498dbbdff09e4d8e2fed20202e2c,7216
- completed:
    hackage: th-compat-0.1.7@sha256:449be09a4e3f46ea4645700c026624c4b6f066f508187326c284dbdea8884bc9,2920
    pantry-tree:
      sha256: ab2deb131cdf0ee3671323f6bfa040078779f3284bd3169ada20dfdee15daa1e
      size: 530
  original:
    hackage: th-compat-0.1.7@sha256:449be09a4e3f46ea4645700c026624c4b6f066f508187326c284dbdea8884bc9,2920
- completed:
    hackage: time-hourglass-0.3.0@sha256:ee02356fe24919ec43ae17fc0007398c2fd0bbe822833b2d7a9c849537b90580,3114
    pantry-tree:
      sha256: 7d6acc1a643fe8692d1858c96cc04a417b8da53e53b6bdba6fe0ce6aa6aba774
      size: 1594
  original:
    hackage: time-hourglass-0.3.0@sha256:ee02356fe24919ec43ae17fc0007398c2fd0bbe822833b2d7a9c849537b90580,3114
- completed:
    hackage: unix-time-0.4.17@sha256:234ed86c81a601fe6195d41a46754f4a620dd1b9a515630238360c9f4ac8571a,2027
    pantry-tree:
      sha256: ac379a0360e0373ae940af7886f667c134c49cbaf55a56bc983ce901fbe0a053
      size: 1069
  original:
    hackage: unix-time-0.4.17@sha256:234ed86c81a601fe6195d41a46754f4a620dd1b9a515630238360c9f4ac8571a,2027
- completed:
    hackage: utf8-string-1.0.2@sha256:79416292186feeaf1f60e49ac5a1ffae9bf1b120e040a74bf0e81ca7f1d31d3f,1538
    pantry-tree:
      sha256: 0863c3c9b6ee24dd38873c62e38ac46dd50aff2ea6b362beadf7f9b4a273c75f
      size: 601
  original:
    hackage: utf8-string-1.0.2@sha256:79416292186feeaf1f60e49ac5a1ffae9bf1b120e040a74bf0e81ca7f1d31d3f,1538
- completed:
    hackage: zlib-0.7.1.1@sha256:cf2f8f91b10b635bdaa2c3010f40a5562a06ede24b92d819758e7f1b7d04f9f2,5206
    pantry-tree:
      sha256: 5390028137a6d119300847be08ebb0063bfd00cfca856675bb0f0d6887f06fda
      size: 1519
  original:
    hackage: zlib-0.7.1.1@sha256:cf2f8f91b10b635bdaa2c3010f40a5562a06ede24b92d819758e7f1b7d04f9f2,5206
- completed:
    hackage: Only-0.1@sha256:c6033d181e0f802e9e8543f683fa9c50aeb01cfdf6c83cd5bb72fb47aa863b07,1398
    pantry-tree:
      sha256: 061415212f0a81b1245886dc9daafc9ff1ebf5c123cef9b8af3672072732f73f
      size: 210
  original:
    hackage: Only-0.1@sha256:c6033d181e0f802e9e8543f683fa9c50aeb01cfdf6c83cd5bb72fb47aa863b07,1398
- completed:
    hackage: QuickCheck-2.16.0.0@sha256:f4210647167f873196b01050ac074a44821b6687e26f792ad3474b6388c5f8b7,9208
    pantry-tree:
      sha256: d9ad9ff0ac7979e9ad808bd3485d17da1a386dda43a5c81b48901a0360290d81
      size: 2627
  original:
    hackage: QuickCheck-2.16.0.0@sha256:f4210647167f873196b01050ac074a44821b6687e26f792ad3474b6388c5f8b7,9208
- completed:
    hackage: ansi-terminal-1.1.5@sha256:408d9232e5304efead718f96138d6d7eb2da608c6121c5c0dc6a71a833b14320,3327
    pantry-tree:
      sha256: 081bff43a1d384922a9d9b7b27c96c1fa0ecadbd4dfe0e801b2931e06ee4b50f
      size: 1111
  original:
    hackage: ansi-terminal-1.1.5@sha256:408d9232e5304efead718f96138d6d7eb2da608c6121c5c0dc6a71a833b14320,3327
- completed:
    hackage: async-2.2.6@sha256:45d5587d8a348a7e2b3f04de963fe633db49b49cde10ca1e6f834bef3baecee9,3870
    pantry-tree:
      sha256: 33ad31cf67d331926b854f8868366ec7ad0cc0e0fe8c8f0627d156afc1625f3d
      size: 722
  original:
    hackage: async-2.2.6@sha256:45d5587d8a348a7e2b3f04de963fe633db49b49cde10ca1e6f834bef3baecee9,3870
- completed:
    hackage: attoparsec-0.14.4@sha256:35129d0ab1741f000f1a7d2fc839544919ee6fbb8f2d6e7f0a629c41f91035f3,5914
    pantry-tree:
      sha256: 467033f4d538aaeb309c15632018f2621eeace79fe7286e9242c7e75b59ced82
      size: 5039
  original:
    hackage: attoparsec-0.14.4@sha256:35129d0ab1741f000f1a7d2fc839544919ee6fbb8f2d6e7f0a629c41f91035f3,5914
- completed:
    hackage: auto-update-0.2.6@sha256:4adf0d523c8b8fbd53f32b79f115d5f304da7e1a2b35b66625497add8e9abbb5,1670
    pantry-tree:
      sha256: ce58248c2d6d83cf0dfcfe0aec20c238b279e70926f49108a38fe6917dc0c532
      size: 1105
  original:
    hackage: auto-update-0.2.6@sha256:4adf0d523c8b8fbd53f32b79f115d5f304da7e1a2b35b66625497add8e9abbb5,1670
- completed:
    hackage: base-compat-0.15.0@sha256:a4d322603449e5a42225e9dfcd23647b4b9a050893989a7ffddc0b33351ed775,7568
    pantry-tree:
      sha256: 86b2eb7911290285b89ebfc2784c32319463b543f13f94934f62fc5be9788d39
      size: 9599
  original:
    hackage: base-compat-0.15.0@sha256:a4d322603449e5a42225e9dfcd23647b4b9a050893989a7ffddc0b33351ed775,7568
- completed:
    hackage: bitvec-1.1.5.0@sha256:434be6dc60e22858a52869c58038c35353f1a778b9679ebc06a2165bcc7f88b3,4921
    pantry-tree:
      sha256: eafad7aa50d0caaa8633ebbbe07e84b0d15c19dca7a44ed77dcccb7a6a3e704a
      size: 2507
  original:
    hackage: bitvec-1.1.5.0@sha256:434be6dc60e22858a52869c58038c35353f1a778b9679ebc06a2165bcc7f88b3,4921
- completed:
    hackage: blaze-builder-0.4.4.1@sha256:f7bc95f78aaf183389c227f8754efca8a951b66bc0752e11b0af6c8b723279f4,3411
    pantry-tree:
      sha256: 8f89c68c080ac089acaabd2bdc6d0b33220a89ff199cc797832c4a4512abf259
      size: 3063
  original:
    hackage: blaze-builder-0.4.4.1@sha256:f7bc95f78aaf183389c227f8754efca8a951b66bc0752e11b0af6c8b723279f4,3411
- completed:
    hackage: blaze-markup-0.8.3.0@sha256:027f218b81d28a7c0a33b93d456c4e5aa92d145e9dcee14834fbad73a39ad7e4,2360
    pantry-tree:
      sha256: f4a0290cef7c7890f0b46b0dc02340e0800b497ae129584a580a24cb8f8af592
      size: 818
  original:
    hackage: blaze-markup-0.8.3.0@sha256:027f218b81d28a7c0a33b93d456c4e5aa92d145e9dcee14834fbad73a39ad7e4,2360
- completed:
    hackage: bsb-http-chunked-0.0.0.4@sha256:1cce7371c31b1d3cfa3eb155e2aecffc0ec212d1d8a7e7c8a3b00ef76818a43b,2687
    pantry-tree:
      sha256: 47aee53ca33bfbe6d4fbb8bf45df7c6ba11995ed8eec8a76168a14ca8815c68b
      size: 460
  original:
    hackage: bsb-http-chunked-0.0.0.4@sha256:1cce7371c31b1d3cfa3eb155e2aecffc0ec212d1d8a7e7c8a3b00ef76818a43b,2687
- completed:
    hackage: character-ps-0.1@sha256:b38ed1c07ae49e7461e44ca1d00c9ca24d1dcb008424ccd919916f92fd48d9fe,1315
    pantry-tree:
      sha256: 22d98d7c8b4c2bb9cb7fe429adf52bfed0c18269eac146b1e591c5941e26161a
      size: 382
  original:
    hackage: character-ps-0.1@sha256:b38ed1c07ae49e7461e44ca1d00c9ca24d1dcb008424ccd919916f92fd48d9fe,1315
- completed:
    hackage: crypton-x509-1.8.0@sha256:d4822ba8dcb19ee3233fc98152f5afda383ac952770a1d07f1d01168e9fcdbc2,2006
    pantry-tree:
      sha256: 882a699e305fffcb77dd40bd40f959f062a8997a53560dca64462087aed3e4cd
      size: 1132
  original:
    hackage: crypton-x509-1.8.0@sha256:d4822ba8dcb19ee3233fc98152f5afda383ac952770a1d07f1d01168e9fcdbc2,2006
- completed:
    hackage: data-default-class-0.2.0.0@sha256:788dc5c0be3981ca83ad11206e300a77ae8a1c8b9bc4f9630f563d37f540ccbd,728
    pantry-tree:
      sha256: 2ddcb2ed7288849c7c46c7b3ae4fd0df016069a125f5803740974ea59700df19
      size: 224
  original:
    hackage: data-default-class-0.2.0.0@sha256:788dc5c0be3981ca83ad11206e300a77ae8a1c8b9bc4f9630f563d37f540ccbd,728
- completed:
    hackage: data-fix-0.3.4@sha256:200360c49cc81cf8b8bbdf49afd4aee03fffd09d3395b080a7e7c65fcf01d313,1421
    pantry-tree:
      sha256: f7edf89375cd789203cb8633c166a45b9392dd901aeff7788a13dfbb59c2b849
      size: 262
  original:
    hackage: data-fix-0.3.4@sha256:200360c49cc81cf8b8bbdf49afd4aee03fffd09d3395b080a7e7c65fcf01d313,1421
- completed:
    hackage: dense-linear-algebra-0.1.0.0@sha256:918e5fa7e367a58446dcd2b2288a7d84113b0820b5b5e1cef5bd1bdc601b4368,1894
    pantry-tree:
      sha256: 0e2ee435d95826d73ea46ce2c42adf7f9a1d8b0c2aea9f7e7503e5907549cb9a
      size: 625
  original:
    hackage: dense-linear-algebra-0.1.0.0@sha256:918e5fa7e367a58446dcd2b2288a7d84113b0820b5b5e1cef5bd1bdc601b4368,1894
- completed:
    hackage: dlist-1.0@sha256:854727594c5a816ab3d10f15b1bc4fedaf9e3f7d1ef517a2bb9011f29ba261d2,3942
    pantry-tree:
      sha256: 2793d1aea6d4471ae237bdac0c980a8226ba0532480859aebb61a425bcc0d085
      size: 953
  original:
    hackage: dlist-1.0@sha256:854727594c5a816ab3d10f15b1bc4fedaf9e3f7d1ef517a2bb9011f29ba261d2,3942
- completed:
    hackage: generically-0.1.1@sha256:7fe415234d455eb58402477899ac969e46374d0baab09e8ddd319f6394a4a369,1203
    pantry-tree:
      sha256: 9dfb15a4ab7e169f4085c457c7790e5cfe6a2ce8e1380fecbb07c472757be5c2
      size: 233
  original:
    hackage: generically-0.1.1@sha256:7fe415234d455eb58402477899ac969e46374d0baab09e8ddd319f6394a4a369,1203
- completed:
    hackage: http-date-0.0.11@sha256:b278b07f880705e3b0b073206ad26954548b666d616733c9a6b5d50993f547d4,1758
    pantry-tree:
      sha256: 8b850ea9f5bdbe3430c305181f44dd02f96613a325f0d2cd1b68a2f024c4bda1
      size: 706
  original:
    hackage: http-date-0.0.11@sha256:b278b07f880705e3b0b073206ad26954548b666d616733c9a6b5d50993f547d4,1758
- completed:
    hackage: http2-5.4.0@sha256:1e9f6f5f32bfb3176136f35e041aa279bc456e81d4674ddaaeaa7c0d091be0c7,10624
    pantry-tree:
      sha256: 5c89815392d85d854efe75cf2279f58ff9f5e4b8fc1f83c55de93191edd128da
      size: 44864
  original:
    hackage: http2-5.4.0@sha256:1e9f6f5f32bfb3176136f35e041aa279bc456e81d4674ddaaeaa7c0d091be0c7,10624
- completed:
    hackage: indexed-traversable-0.1.4@sha256:42d9e84a65a0c17c248233cab98ada872ff6140dfa24d109d6eb285204d07e7d,2098
    pantry-tree:
      sha256: d3e9e60aede3658838fa552646552212f01a3cba19bd50397c86795a28d67b27
      size: 625
  original:
    hackage: indexed-traversable-0.1.4@sha256:42d9e84a65a0c17c248233cab98ada872ff6140dfa24d109d6eb285204d07e7d,2098
- completed:
    hackage: integer-conversion-0.1.1@sha256:123d1b088404f0976500c68d8105978aa2e32908ce5508e32aebd237f0447c9f,2311
    pantry-tree:
      sha256: 815a2a36ac072ade5993866d4c90fe0d8cb3eb6332de6fcfbe537ddc391c467d
      size: 509
  original:
    hackage: integer-conversion-0.1.1@sha256:123d1b088404f0976500c68d8105978aa2e32908ce5508e32aebd237f0447c9f,2311
- completed:
    hackage: integer-logarithms-1.0.5@sha256:870ce80a2e704f179bcda12ee106389a484100fac1534abfd587aaaa51978e6b,2964
    pantry-tree:
      sha256: 5b217bbf96ef5487aad81cf1c61a1d1092f8e044403b554e201d8d8478568499
      size: 865
  original:
    hackage: integer-logarithms-1.0.5@sha256:870ce80a2e704f179bcda12ee106389a484100fac1534abfd587aaaa51978e6b,2964
- completed:
    hackage: iproute-1.7.15@sha256:81ed5d5915467825e2381a8b2fabd7ce9b83c4209f4825bd15270b433cf52862,1936
    pantry-tree:
      sha256: 012298045d409fb1799dc84c8b3faf126ba825bbf90c90f6c4680c20d347e4d3
      size: 906
  original:
    hackage: iproute-1.7.15@sha256:81ed5d5915467825e2381a8b2fabd7ce9b83c4209f4825bd15270b433cf52862,1936
- completed:
    hackage: math-functions-0.3.4.4@sha256:859a4f623c5f238e345f241e38c551cc4776cadc59b1e511880bbf7968f7419f,4561
    pantry-tree:
      sha256: 2b3c7a2a254dbba367f5b8a6b7a5d6ed31aa44dfd8ccdddccd5f187d264e60cd
      size: 3112
  original:
    hackage: math-functions-0.3.4.4@sha256:859a4f623c5f238e345f241e38c551cc4776cadc59b1e511880bbf7968f7419f,4561
- completed:
    hackage: network-uri-2.6.4.2@sha256:6fffb57373962b5651a2db8b0af732098b3bf029a7ced76a9855615de2026588,3217
    pantry-tree:
      sha256: 659f5e9fabda559f1aff6b64d04cf8adfd69bdda535c896fe90289f307a071c9
      size: 551
  original:
    hackage: network-uri-2.6.4.2@sha256:6fffb57373962b5651a2db8b0af732098b3bf029a7ced76a9855615de2026588,3217
- completed:
    hackage: parallel-3.3.0.0@sha256:7a4b82d3ad83e38f5b3be442ee32c9e17905ba9a813349fa76707fd0377e91aa,1849
    pantry-tree:
      sha256: c2170f3d46b899bde98acfa554577583668822bdf23cf785a00754ad9c27d226
      size: 392
  original:
    hackage: parallel-3.3.0.0@sha256:7a4b82d3ad83e38f5b3be442ee32c9e17905ba9a813349fa76707fd0377e91aa,1849
- completed:
    hackage: recv-0.1.1@sha256:da2513a5cbfa86a27dcc4f6bc89cf735f917d3f23984c33103c6679226780dc9,1446
    pantry-tree:
      sha256: dc7049284d6f31e78fec8b3805e6594173c784b542db3c73b34012c42081caf2
      size: 561
  original:
    hackage: recv-0.1.1@sha256:da2513a5cbfa86a27dcc4f6bc89cf735f917d3f23984c33103c6679226780dc9,1446
- completed:
    hackage: regex-base-0.94.0.3@sha256:d6c0c6d1136f5046207a331114ff4130e70640452096de7719bf03e3fceb7c7b,2391
    pantry-tree:
      sha256: abc994abb47c2e060b4f1b370ee163ecd96409a5131a1eee0178af03cc72cad5
      size: 532
  original:
    hackage: regex-base-0.94.0.3@sha256:d6c0c6d1136f5046207a331114ff4130e70640452096de7719bf03e3fceb7c7b,2391
- completed:
    hackage: scientific-0.3.8.1@sha256:11b0c3bcc572f08ddcb13bfad94df85e0323f39915e74cae2d7a205c631b4d30,4390
    pantry-tree:
      sha256: 95c2af5d6729b5d4a1c2c46f9103d415324386377f337be01eb70367524eb8a7
      size: 657
  original:
    hackage: scientific-0.3.8.1@sha256:11b0c3bcc572f08ddcb13bfad94df85e0323f39915e74cae2d7a205c631b4d30,4390
- completed:
    hackage: semialign-1.3.1@sha256:dfe515a9e43230f5308564a649a04ea1538499ed98b944644b77bed5394b9deb,2224
    pantry-tree:
      sha256: ca325144ff22c4fb6cda83d77a4e466a79e61f814869868582c778002b1bdaf0
      size: 537
  original:
    hackage: semialign-1.3.1@sha256:dfe515a9e43230f5308564a649a04ea1538499ed98b944644b77bed5394b9deb,2224
- completed:
    hackage: simple-sendfile-0.2.32@sha256:133f419b9b6b8a4db8541f381c20b8dfca962a59e82ba203e66d6bef41cf8ea4,2592
    pantry-tree:
      sha256: 3a287c2f240bace74f58dd5c88e540a7343078cf9dd7ec2b415b5b6e6070ad38
      size: 787
  original:
    hackage: simple-sendfile-0.2.32@sha256:133f419b9b6b8a4db8541f381c20b8dfca962a59e82ba203e66d6bef41cf8ea4,2592
- completed:
    hackage: streaming-commons-0.2.3.1@sha256:ed7999fea9e912b1211ea93d7e20a7998bf4753166370c94048885650f303bf0,4841
    pantry-tree:
      sha256: f08e83fb00fd45865fa8cfdef5ecef7161d5135257ee98050bfbe4b807ad65f8
      size: 2374
  original:
    hackage: streaming-commons-0.2.3.1@sha256:ed7999fea9e912b1211ea93d7e20a7998bf4753166370c94048885650f303bf0,4841
- completed:
    hackage: strict-0.5.1@sha256:58c373b7c7748cbb4a5a6c8c15073f99a1c10a9a9bb6894ac33f43a5cdb901f2,3557
    pantry-tree:
      sha256: 58e97bedb76e8678bf9851677362a8fe567b3d8021e8cd1e54af2ca99c23632f
      size: 654
  original:
    hackage: strict-0.5.1@sha256:58c373b7c7748cbb4a5a6c8c15073f99a1c10a9a9bb6894ac33f43a5cdb901f2,3557
- completed:
    hackage: tagged-0.8.10@sha256:e9b97c98e9827981d62f37c5febf9e6bbb67acec92b8bd41fd9f7ace5eb31d32,2201
    pantry-tree:
      sha256: 5ba1ff7ad9a676b89a2a6ab00ac2100f30a21440ef8e04094614ab5b5f494b3f
      size: 438
  original:
    hackage: tagged-0.8.10@sha256:e9b97c98e9827981d62f37c5febf9e6bbb67acec92b8bd41fd9f7ace5eb31d32,2201
- completed:
    hackage: tasty-1.5.3@sha256:6b5dda3f16db1274a0b3e6c4073ac57172a1e96b1dca05666c5cbd1183639412,2923
    pantry-tree:
      sha256: 55cabcd98ff0f5c671a93fb138b8b8cb1cf223497b0fbf9207e6c519fd54a9e9
      size: 1944
  original:
    hackage: tasty-1.5.3@sha256:6b5dda3f16db1274a0b3e6c4073ac57172a1e96b1dca05666c5cbd1183639412,2923
- completed:
    hackage: text-iso8601-0.1.1@sha256:e07a625eef969338992bf9bba8e5dc73f07ac65f991ba636b8f1175890d15849,2411
    pantry-tree:
      sha256: 9c5a84ee44200595bcd73d22457ef245a7a09d6ba72e22e97123e8158ce8f036
      size: 427
  original:
    hackage: text-iso8601-0.1.1@sha256:e07a625eef969338992bf9bba8e5dc73f07ac65f991ba636b8f1175890d15849,2411
- completed:
    hackage: text-short-0.1.6.1@sha256:330b037a4f74c069e1ecfe0908baf8fb526526ef35f47922bd67ae2b3d886864,2799
    pantry-tree:
      sha256: f1ea2b2ed84a1dddc4360d187ef8a2a0b55c2757c8e35bf7af013100bf012d84
      size: 612
  original:
    hackage: text-short-0.1.6.1@sha256:330b037a4f74c069e1ecfe0908baf8fb526526ef35f47922bd67ae2b3d886864,2799
- completed:
    hackage: th-abstraction-0.7.2.0@sha256:380819d6e14645bf66af99b6ea3d3d4309c523c7d0ee376e0678042622f1c272,2181
    pantry-tree:
      sha256: b9fa4efe463e44c8675cb68e70bfd71131666870e6ceaa5367672704bc744754
      size: 671
  original:
    hackage: th-abstraction-0.7.2.0@sha256:380819d6e14645bf66af99b6ea3d3d4309c523c7d0ee376e0678042622f1c272,2181
- completed:
    hackage: these-1.2.1@sha256:35c57aede96c15ea1fed559ac287b1168eb2b2869d79e62ed8c845780b7ea136,2294
    pantry-tree:
      sha256: dc6366ac715dfdf5338a615f71b9ed0542c403a6afcbedcddbc879e947aea6b3
      size: 351
  original:
    hackage: these-1.2.1@sha256:35c57aede96c15ea1fed559ac287b1168eb2b2869d79e62ed8c845780b7ea136,2294
- completed:
    hackage: time-compat-1.9.8@sha256:31af49b09fa7195071cd841aa142eb1c4601d4a336ee76cd63242eebff8f98a7,5002
    pantry-tree:
      sha256: 2ff7ac0de1ed1856bd3e507a8d433f7c8a78370e09395de51127cdfa4013e8d0
      size: 4411
  original:
    hackage: time-compat-1.9.8@sha256:31af49b09fa7195071cd841aa142eb1c4601d4a336ee76cd63242eebff8f98a7,5002
- completed:
    hackage: time-manager-0.3.1.1@sha256:6d021f3b89700cb21db036d1556d3c8b68400e3ecc68373895eb75df5e1a6ab2,1292
    pantry-tree:
      sha256: b7157cd673eca3430c7022288faa57661af5708d1b4febed639adc5267086c59
      size: 461
  original:
    hackage: time-manager-0.3.1.1@sha256:6d021f3b89700cb21db036d1556d3c8b68400e3ecc68373895eb75df5e1a6ab2,1292
- completed:
    hackage: uuid-types-1.0.6@sha256:5ac2b681a8d7676f6a51ac1b113bfdcf18dd7fdbb313034850ed6493eef96da0,2619
    pantry-tree:
      sha256: 26843e0b54dd31c81614d7038da25777868156125410f7577a1afc1a4c2140a5
      size: 480
  original:
    hackage: uuid-types-1.0.6@sha256:5ac2b681a8d7676f6a51ac1b113bfdcf18dd7fdbb313034850ed6493eef96da0,2619
- completed:
    hackage: vector-binary-instances-0.2.5.2@sha256:9ba8f2c5a9527821ab47bbd991dd7b7533bcaa68662c84c4f16b871655117ceb,2728
    pantry-tree:
      sha256: df4ba981c40f216cbc66bdd96ed1b007cb6d0c6ab045af67300c15d364fd2ca4
      size: 346
  original:
    hackage: vector-binary-instances-0.2.5.2@sha256:9ba8f2c5a9527821ab47bbd991dd7b7533bcaa68662c84c4f16b871655117ceb,2728
- completed:
    hackage: vector-stream-0.1.0.1@sha256:483be6df13c72169a917640589666f9fece7bea9fa13fcd41d052dab37ea289e,1642
    pantry-tree:
      sha256: 8f597e9033aaa83fabc206050fd54b1d702ad0760c20b7f56a781b8d7e614685
      size: 325
  original:
    hackage: vector-stream-0.1.0.1@sha256:483be6df13c72169a917640589666f9fece7bea9fa13fcd41d052dab37ea289e,1642
- completed:
    hackage: vector-th-unbox-0.2.2@sha256:e9e6cca62d94bd432ad42c06d31eb5e2ceebfc22547bb832ad990d82b20631a6,1597
    pantry-tree:
      sha256: d58c7e62a93226288ce777526e96e23a8929948fbd3ed13a776238e0e162421d
      size: 385
  original:
    hackage: vector-th-unbox-0.2.2@sha256:e9e6cca62d94bd432ad42c06d31eb5e2ceebfc22547bb832ad990d82b20631a6,1597
- completed:
    hackage: witherable-0.5@sha256:a5600431df5d297f098c322c7fbc2ece804e44ade0bb2022a838de24604d6275,2355
    pantry-tree:
      sha256: d33351eafc78b821508dbf3d2b0cd0f40897494d8fa8a1ee0febc1d527aeccff
      size: 321
  original:
    hackage: witherable-0.5@sha256:a5600431df5d297f098c322c7fbc2ece804e44ade0bb2022a838de24604d6275,2355
- completed:
    hackage: word8-0.1.3@sha256:e5464d0600821a116467d4b12fef12b15ff040c3599500e5f0274225e78c6faf,1397
    pantry-tree:
      sha256: f90debca29fa7b54bb82f1bc6843c827fcea96b5149af4dd0ed69dad73856f0e
      size: 478
  original:
    hackage: word8-0.1.3@sha256:e5464d0600821a116467d4b12fef12b15ff040c3599500e5f0274225e78c6faf,1397
- completed:
    hackage: base16-1.0@sha256:4dd341228168f2cde03954dd72175ee726a0713e2200f6c7b73f4cd8d2207377,2649
    pantry-tree:
      sha256: c027482fbdf3a73521045dd34d6013a8722e73b1ecb9e56f90328a0eda4d46fd
      size: 1457
  original:
    hackage: base16-1.0@sha256:4dd341228168f2cde03954dd72175ee726a0713e2200f6c7b73f4cd8d2207377,2649
- completed:
    hackage: base64-1.0@sha256:15c8b91762010dd66c4db3f740db3bfd21302080bfc57845ab1b70920bbbe2ca,2991
    pantry-tree:
      sha256: 1e79fc99fb065be808932d652f0b42994dd3814836f3e1b0d9facdb9e3b38728
      size: 2229
  original:
    hackage: base64-1.0@sha256:15c8b91762010dd66c4db3f740db3bfd21302080bfc57845ab1b70920bbbe2ca,2991
- completed:
    hackage: basement-0.0.16@sha256:e9458cbe67f396fb81900ec65852a582a2b7febd09b17a85adee576c8d7cc321,5404
    pantry-tree:
      sha256: 868afcc62edd1c3af6405ee0a5d1bcc0cdc0919114e26299c7fd63706c750973
      size: 5799
  original:
    hackage: basement-0.0.16@sha256:e9458cbe67f396fb81900ec65852a582a2b7febd09b17a85adee576c8d7cc321,5404
- completed:
    hackage: bifunctors-5.6.3@sha256:58f1d66db71ed9dd70648eaca1a0986b29354b3a69b5bfd729ce1a896766466e,3271
    pantry-tree:
      sha256: f2d043d4e507947c363e69083572c3e4b86daa93ca4271fcdaa4b453f0528d1b
      size: 1466
  original:
    hackage: bifunctors-5.6.3@sha256:58f1d66db71ed9dd70648eaca1a0986b29354b3a69b5bfd729ce1a896766466e,3271
- completed:
    hackage: comonad-5.0.10@sha256:e8606e010e306f41019026e94b0676993c175260d1d8908e4518b2b06a40272b,3443
    pantry-tree:
      sha256: 98be08915d9fb077804a014d4ec7bfe058af0d0125235fb1c5ad1f49a5f7ff85
      size: 1616
  original:
    hackage: comonad-5.0.10@sha256:e8606e010e306f41019026e94b0676993c175260d1d8908e4518b2b06a40272b,3443
- completed:
    hackage: contravariant-1.5.6@sha256:288f1d3e6fb3adcf9f36f28ffa189673f2f1303812296dfb2523478ad31dd9e2,2182
    pantry-tree:
      sha256: 0723fa8376b781f80815d4022dc182070b088a2a33d9e7625d3f1b5a68f7a791
      size: 652
  original:
    hackage: contravariant-1.5.6@sha256:288f1d3e6fb3adcf9f36f28ffa189673f2f1303812296dfb2523478ad31dd9e2,2182
- completed:
    hackage: old-time-1.1.0.5@sha256:cb0f8610b5288017d0a8cddb8571da0d7659ea43a0da9489940d80ac3766f586,1510
    pantry-tree:
      sha256: dbcfaa0225f107dafecb77b62461b58116640351b392e8e4b87b175334153f64
      size: 810
  original:
    hackage: old-time-1.1.0.5@sha256:cb0f8610b5288017d0a8cddb8571da0d7659ea43a0da9489940d80ac3766f586,1510
- completed:
    hackage: psqueues-0.2.8.3@sha256:24b660add7d540e94245f6c4604d7b02bcfe75c36e68d5dad824cf28f7ebddf4,4663
    pantry-tree:
      sha256: c7ef6da1885be9c7f9ec845aea2e416022e786fc04fb24500e073e758c4140b2
      size: 1608
  original:
    hackage: psqueues-0.2.8.3@sha256:24b660add7d540e94245f6c4604d7b02bcfe75c36e68d5dad824cf28f7ebddf4,4663
- completed:
    hackage: StateVar-1.2.2@sha256:3c022c00485fe165e3080d5da6b3ca9c9b02f62c5deebc584d1b3d1309ce673e,1673
    pantry-tree:
      sha256: 204cac98219e99334f47b12c565945611748ea03a4d629273dd697d738bcfd7f
      size: 314
  original:
    hackage: StateVar-1.2.2@sha256:3c022c00485fe165e3080d5da6b3ca9c9b02f62c5deebc584d1b3d1309ce673e,1673
- completed:
    hackage: distributive-0.6.3@sha256:9dec7cd4dc49325f551b2f2bf2004cfe2454b211e5882265cc87880d4382b1f8,2342
    pantry-tree:
      sha256: c765117bbab05d71c228c55013b1311a2f0481c007c6b1f0ff9f515c16dac2d7
      size: 670
  original:
    hackage: distributive-0.6.3@sha256:9dec7cd4dc49325f551b2f2bf2004cfe2454b211e5882265cc87880d4382b1f8,2342
- completed:
    hackage: old-locale-1.0.0.7@sha256:fa998be2c7e00cd26a6e9075bea790caaf3932caa3e9497ad69bc20380dd6911,1071
    pantry-tree:
      sha256: 462ef15cb35164d585aa3860f717c9685fbf05578330490860abd544381d2e24
      size: 263
  original:
    hackage: old-locale-1.0.0.7@sha256:fa998be2c7e00cd26a6e9075bea790caaf3932caa3e9497ad69bc20380dd6911,1071
snapshots: []
